// !$*UTF8*$!
{
	archiveVersion = 1;
	classes = {
	};
	objectVersion = 46;
	objects = {

/* Begin PBXBuildFile section */
		7445B7B11A67B16C001D5E44 /* APIpackageNewTitleQueryBackHeader_item.m in Sources */ = {isa = PBXBuildFile; fileRef = 7445B7B01A67B16C001D5E44 /* APIpackageNewTitleQueryBackHeader_item.m */; };
		7461B4001A660F210055EA29 /* main.m in Sources */ = {isa = PBXBuildFile; fileRef = 7461B3FF1A660F210055EA29 /* main.m */; };
		7461B4031A660F210055EA29 /* AppDelegate.m in Sources */ = {isa = PBXBuildFile; fileRef = 7461B4021A660F210055EA29 /* AppDelegate.m */; };
		7461B4061A660F210055EA29 /* ViewController.m in Sources */ = {isa = PBXBuildFile; fileRef = 7461B4051A660F210055EA29 /* ViewController.m */; };
		7461B4091A660F210055EA29 /* Main.storyboard in Resources */ = {isa = PBXBuildFile; fileRef = 7461B4071A660F210055EA29 /* Main.storyboard */; };
		7461B40B1A660F210055EA29 /* Images.xcassets in Resources */ = {isa = PBXBuildFile; fileRef = 7461B40A1A660F210055EA29 /* Images.xcassets */; };
		7461B40E1A660F210055EA29 /* LaunchScreen.xib in Resources */ = {isa = PBXBuildFile; fileRef = 7461B40C1A660F210055EA29 /* LaunchScreen.xib */; };
		7461B41A1A660F210055EA29 /* TestSqliteTests.m in Sources */ = {isa = PBXBuildFile; fileRef = 7461B4191A660F210055EA29 /* TestSqliteTests.m */; };
		7461B4251A660F880055EA29 /* SqliteData.m in Sources */ = {isa = PBXBuildFile; fileRef = 7461B4241A660F880055EA29 /* SqliteData.m */; };
		7461B4271A660FBB0055EA29 /* libsqlite3.dylib in Frameworks */ = {isa = PBXBuildFile; fileRef = 7461B4261A660FBB0055EA29 /* libsqlite3.dylib */; };
		7461B42A1A663F9D0055EA29 /* NewsModel.m in Sources */ = {isa = PBXBuildFile; fileRef = 7461B4291A663F9D0055EA29 /* NewsModel.m */; };
/* End PBXBuildFile section */

/* Begin PBXContainerItemProxy section */
		7461B4141A660F210055EA29 /* PBXContainerItemProxy */ = {
			isa = PBXContainerItemProxy;
			containerPortal = 7461B3F21A660F210055EA29 /* Project object */;
			proxyType = 1;
			remoteGlobalIDString = 7461B3F91A660F210055EA29;
			remoteInfo = TestSqlite;
		};
/* End PBXContainerItemProxy section */

/* Begin PBXFileReference section */
		7445B7AF1A67B16C001D5E44 /* APIpackageNewTitleQueryBackHeader_item.h */ = {isa = PBXFileReference; fileEncoding = 4; lastKnownFileType = sourcecode.c.h; path = APIpackageNewTitleQueryBackHeader_item.h; sourceTree = "<group>"; };
		7445B7B01A67B16C001D5E44 /* APIpackageNewTitleQueryBackHeader_item.m */ = {isa = PBXFileReference; fileEncoding = 4; lastKnownFileType = sourcecode.c.objc; path = APIpackageNewTitleQueryBackHeader_item.m; sourceTree = "<group>"; };
		7461B3FA1A660F210055EA29 /* TestSqlite.app */ = {isa = PBXFileReference; explicitFileType = wrapper.application; includeInIndex = 0; path = TestSqlite.app; sourceTree = BUILT_PRODUCTS_DIR; };
		7461B3FE1A660F210055EA29 /* Info.plist */ = {isa = PBXFileReference; lastKnownFileType = text.plist.xml; path = Info.plist; sourceTree = "<group>"; };
		7461B3FF1A660F210055EA29 /* main.m */ = {isa = PBXFileReference; lastKnownFileType = sourcecode.c.objc; path = main.m; sourceTree = "<group>"; };
		7461B4011A660F210055EA29 /* AppDelegate.h */ = {isa = PBXFileReference; lastKnownFileType = sourcecode.c.h; path = AppDelegate.h; sourceTree = "<group>"; };
		7461B4021A660F210055EA29 /* AppDelegate.m */ = {isa = PBXFileReference; lastKnownFileType = sourcecode.c.objc; path = AppDelegate.m; sourceTree = "<group>"; };
		7461B4041A660F210055EA29 /* ViewController.h */ = {isa = PBXFileReference; lastKnownFileType = sourcecode.c.h; path = ViewController.h; sourceTree = "<group>"; };
		7461B4051A660F210055EA29 /* ViewController.m */ = {isa = PBXFileReference; lastKnownFileType = sourcecode.c.objc; path = ViewController.m; sourceTree = "<group>"; };
		7461B4081A660F210055EA29 /* Base */ = {isa = PBXFileReference; lastKnownFileType = file.storyboard; name = Base; path = Base.lproj/Main.storyboard; sourceTree = "<group>"; };
		7461B40A1A660F210055EA29 /* Images.xcassets */ = {isa = PBXFileReference; lastKnownFileType = folder.assetcatalog; path = Images.xcassets; sourceTree = "<group>"; };
		7461B40D1A660F210055EA29 /* Base */ = {isa = PBXFileReference; lastKnownFileType = file.xib; name = Base; path = Base.lproj/LaunchScreen.xib; sourceTree = "<group>"; };
		7461B4131A660F210055EA29 /* TestSqliteTests.xctest */ = {isa = PBXFileReference; explicitFileType = wrapper.cfbundle; includeInIndex = 0; path = TestSqliteTests.xctest; sourceTree = BUILT_PRODUCTS_DIR; };
		7461B4181A660F210055EA29 /* Info.plist */ = {isa = PBXFileReference; lastKnownFileType = text.plist.xml; path = Info.plist; sourceTree = "<group>"; };
		7461B4191A660F210055EA29 /* TestSqliteTests.m */ = {isa = PBXFileReference; lastKnownFileType = sourcecode.c.objc; path = TestSqliteTests.m; sourceTree = "<group>"; };
		7461B4231A660F880055EA29 /* SqliteData.h */ = {isa = PBXFileReference; fileEncoding = 4; lastKnownFileType = sourcecode.c.h; path = SqliteData.h; sourceTree = "<group>"; };
		7461B4241A660F880055EA29 /* SqliteData.m */ = {isa = PBXFileReference; fileEncoding = 4; lastKnownFileType = sourcecode.c.objc; path = SqliteData.m; sourceTree = "<group>"; };
		7461B4261A660FBB0055EA29 /* libsqlite3.dylib */ = {isa = PBXFileReference; lastKnownFileType = "compiled.mach-o.dylib"; name = libsqlite3.dylib; path = usr/lib/libsqlite3.dylib; sourceTree = SDKROOT; };
		7461B4281A663F9D0055EA29 /* NewsModel.h */ = {isa = PBXFileReference; fileEncoding = 4; lastKnownFileType = sourcecode.c.h; path = NewsModel.h; sourceTree = "<group>"; };
		7461B4291A663F9D0055EA29 /* NewsModel.m */ = {isa = PBXFileReference; fileEncoding = 4; lastKnownFileType = sourcecode.c.objc; path = NewsModel.m; sourceTree = "<group>"; };
/* End PBXFileReference section */

/* Begin PBXFrameworksBuildPhase section */
		7461B3F71A660F210055EA29 /* Frameworks */ = {
			isa = PBXFrameworksBuildPhase;
			buildActionMask = 2147483647;
			files = (
				7461B4271A660FBB0055EA29 /* libsqlite3.dylib in Frameworks */,
			);
			runOnlyForDeploymentPostprocessing = 0;
		};
		7461B4101A660F210055EA29 /* Frameworks */ = {
			isa = PBXFrameworksBuildPhase;
			buildActionMask = 2147483647;
			files = (
			);
			runOnlyForDeploymentPostprocessing = 0;
		};
/* End PBXFrameworksBuildPhase section */

/* Begin PBXGroup section */
		7461B3F11A660F210055EA29 = {
			isa = PBXGroup;
			children = (
				7461B4261A660FBB0055EA29 /* libsqlite3.dylib */,
				7461B3FC1A660F210055EA29 /* TestSqlite */,
				7461B4161A660F210055EA29 /* TestSqliteTests */,
				7461B3FB1A660F210055EA29 /* Products */,
			);
			sourceTree = "<group>";
		};
		7461B3FB1A660F210055EA29 /* Products */ = {
			isa = PBXGroup;
			children = (
				7461B3FA1A660F210055EA29 /* TestSqlite.app */,
				7461B4131A660F210055EA29 /* TestSqliteTests.xctest */,
			);
			name = Products;
			sourceTree = "<group>";
		};
		7461B3FC1A660F210055EA29 /* TestSqlite */ = {
			isa = PBXGroup;
			children = (
				7461B4011A660F210055EA29 /* AppDelegate.h */,
				7461B4021A660F210055EA29 /* AppDelegate.m */,
				7461B4041A660F210055EA29 /* ViewController.h */,
				7461B4051A660F210055EA29 /* ViewController.m */,
				7461B4231A660F880055EA29 /* SqliteData.h */,
				7461B4241A660F880055EA29 /* SqliteData.m */,
				7445B7AF1A67B16C001D5E44 /* APIpackageNewTitleQueryBackHeader_item.h */,
				7445B7B01A67B16C001D5E44 /* APIpackageNewTitleQueryBackHeader_item.m */,
				7461B4281A663F9D0055EA29 /* NewsModel.h */,
				7461B4291A663F9D0055EA29 /* NewsModel.m */,
				7461B4071A660F210055EA29 /* Main.storyboard */,
				7461B40A1A660F210055EA29 /* Images.xcassets */,
				7461B40C1A660F210055EA29 /* LaunchScreen.xib */,
				7461B3FD1A660F210055EA29 /* Supporting Files */,
			);
			path = TestSqlite;
			sourceTree = "<group>";
		};
		7461B3FD1A660F210055EA29 /* Supporting Files */ = {
			isa = PBXGroup;
			children = (
				7461B3FE1A660F210055EA29 /* Info.plist */,
				7461B3FF1A660F210055EA29 /* main.m */,
			);
			name = "Supporting Files";
			sourceTree = "<group>";
		};
		7461B4161A660F210055EA29 /* TestSqliteTests */ = {
			isa = PBXGroup;
			children = (
				7461B4191A660F210055EA29 /* TestSqliteTests.m */,
				7461B4171A660F210055EA29 /* Supporting Files */,
			);
			path = TestSqliteTests;
			sourceTree = "<group>";
		};
		7461B4171A660F210055EA29 /* Supporting Files */ = {
			isa = PBXGroup;
			children = (
				7461B4181A660F210055EA29 /* Info.plist */,
			);
			name = "Supporting Files";
			sourceTree = "<group>";
		};
/* End PBXGroup section */

/* Begin PBXNativeTarget section */
		7461B3F91A660F210055EA29 /* TestSqlite */ = {
			isa = PBXNativeTarget;
			buildConfigurationList = 7461B41D1A660F210055EA29 /* Build configuration list for PBXNativeTarget "TestSqlite" */;
			buildPhases = (
				7461B3F61A660F210055EA29 /* Sources */,
				7461B3F71A660F210055EA29 /* Frameworks */,
				7461B3F81A660F210055EA29 /* Resources */,
			);
			buildRules = (
			);
			dependencies = (
			);
			name = TestSqlite;
			productName = TestSqlite;
			productReference = 7461B3FA1A660F210055EA29 /* TestSqlite.app */;
			productType = "com.apple.product-type.application";
		};
		7461B4121A660F210055EA29 /* TestSqliteTests */ = {
			isa = PBXNativeTarget;
			buildConfigurationList = 7461B4201A660F210055EA29 /* Build configuration list for PBXNativeTarget "TestSqliteTests" */;
			buildPhases = (
				7461B40F1A660F210055EA29 /* Sources */,
				7461B4101A660F210055EA29 /* Frameworks */,
				7461B4111A660F210055EA29 /* Resources */,
			);
			buildRules = (
			);
			dependencies = (
				7461B4151A660F210055EA29 /* PBXTargetDependency */,
			);
			name = TestSqliteTests;
			productName = TestSqliteTests;
			productReference = 7461B4131A660F210055EA29 /* TestSqliteTests.xctest */;
			productType = "com.apple.product-type.bundle.unit-test";
		};
/* End PBXNativeTarget section */

/* Begin PBXProject section */
		7461B3F21A660F210055EA29 /* Project object */ = {
			isa = PBXProject;
			attributes = {
				LastUpgradeCheck = 0610;
				ORGANIZATIONNAME = chen;
				TargetAttributes = {
					7461B3F91A660F210055EA29 = {
						CreatedOnToolsVersion = 6.1.1;
					};
					7461B4121A660F210055EA29 = {
						CreatedOnToolsVersion = 6.1.1;
						TestTargetID = 7461B3F91A660F210055EA29;
					};
				};
			};
			buildConfigurationList = 7461B3F51A660F210055EA29 /* Build configuration list for PBXProject "TestSqlite" */;
			compatibilityVersion = "Xcode 3.2";
			developmentRegion = English;
			hasScannedForEncodings = 0;
			knownRegions = (
				en,
				Base,
			);
			mainGroup = 7461B3F11A660F210055EA29;
			productRefGroup = 7461B3FB1A660F210055EA29 /* Products */;
			projectDirPath = "";
			projectRoot = "";
			targets = (
				7461B3F91A660F210055EA29 /* TestSqlite */,
				7461B4121A660F210055EA29 /* TestSqliteTests */,
			);
		};
/* End PBXProject section */

/* Begin PBXResourcesBuildPhase section */
		7461B3F81A660F210055EA29 /* Resources */ = {
			isa = PBXResourcesBuildPhase;
			buildActionMask = 2147483647;
			files = (
				7461B4091A660F210055EA29 /* Main.storyboard in Resources */,
				7461B40E1A660F210055EA29 /* LaunchScreen.xib in Resources */,
				7461B40B1A660F210055EA29 /* Images.xcassets in Resources */,
			);
			runOnlyForDeploymentPostprocessing = 0;
		};
		7461B4111A660F210055EA29 /* Resources */ = {
			isa = PBXResourcesBuildPhase;
			buildActionMask = 2147483647;
			files = (
			);
			runOnlyForDeploymentPostprocessing = 0;
		};
/* End PBXResourcesBuildPhase section */

/* Begin PBXSourcesBuildPhase section */
		7461B3F61A660F210055EA29 /* Sources */ = {
			isa = PBXSourcesBuildPhase;
			buildActionMask = 2147483647;
			files = (
				7461B42A1A663F9D0055EA29 /* NewsModel.m in Sources */,
				7461B4061A660F210055EA29 /* ViewController.m in Sources */,
				7461B4031A660F210055EA29 /* AppDelegate.m in Sources */,
				7445B7B11A67B16C001D5E44 /* APIpackageNewTitleQueryBackHeader_item.m in Sources */,
				7461B4001A660F210055EA29 /* main.m in Sources */,
				7461B4251A660F880055EA29 /* SqliteData.m in Sources */,
			);
			runOnlyForDeploymentPostprocessing = 0;
		};
		7461B40F1A660F210055EA29 /* Sources */ = {
			isa = PBXSourcesBuildPhase;
			buildActionMask = 2147483647;
			files = (
				7461B41A1A660F210055EA29 /* TestSqliteTests.m in Sources */,
			);
			runOnlyForDeploymentPostprocessing = 0;
		};
/* End PBXSourcesBuildPhase section */

/* Begin PBXTargetDependency section */
		7461B4151A660F210055EA29 /* PBXTargetDependency */ = {
			isa = PBXTargetDependency;
			target = 7461B3F91A660F210055EA29 /* TestSqlite */;
			targetProxy = 7461B4141A660F210055EA29 /* PBXContainerItemProxy */;
		};
/* End PBXTargetDependency section */

/* Begin PBXVariantGroup section */
		7461B4071A660F210055EA29 /* Main.storyboard */ = {
			isa = PBXVariantGroup;
			children = (
				7461B4081A660F210055EA29 /* Base */,
			);
			name = Main.storyboard;
			sourceTree = "<group>";
		};
		7461B40C1A660F210055EA29 /* LaunchScreen.xib */ = {
			isa = PBXVariantGroup;
			children = (
				7461B40D1A660F210055EA29 /* Base */,
			);
			name = LaunchScreen.xib;
			sourceTree = "<group>";
		};
/* End PBXVariantGroup section */

/* Begin XCBuildConfiguration section */
		7461B41B1A660F210055EA29 /* Debug */ = {
			isa = XCBuildConfiguration;
			buildSettings = {
				ALWAYS_SEARCH_USER_PATHS = NO;
				CLANG_CXX_LANGUAGE_STANDARD = "gnu++0x";
				CLANG_CXX_LIBRARY = "libc++";
				CLANG_ENABLE_MODULES = YES;
				CLANG_ENABLE_OBJC_ARC = YES;
				CLANG_WARN_BOOL_CONVERSION = YES;
				CLANG_WARN_CONSTANT_CONVERSION = YES;
				CLANG_WARN_DIRECT_OBJC_ISA_USAGE = YES_ERROR;
				CLANG_WARN_EMPTY_BODY = YES;
				CLANG_WARN_ENUM_CONVERSION = YES;
				CLANG_WARN_INT_CONVERSION = YES;
				CLANG_WARN_OBJC_ROOT_CLASS = YES_ERROR;
				CLANG_WARN_UNREACHABLE_CODE = YES;
				CLANG_WARN__DUPLICATE_METHOD_MATCH = YES;
				"CODE_SIGN_IDENTITY[sdk=iphoneos*]" = "iPhone Developer";
				COPY_PHASE_STRIP = NO;
				ENABLE_STRICT_OBJC_MSGSEND = YES;
				GCC_C_LANGUAGE_STANDARD = gnu99;
				GCC_DYNAMIC_NO_PIC = NO;
				GCC_OPTIMIZATION_LEVEL = 0;
				GCC_PREPROCESSOR_DEFINITIONS = (
					"DEBUG=1",
					"$(inherited)",
				);
				GCC_SYMBOLS_PRIVATE_EXTERN = NO;
				GCC_WARN_64_TO_32_BIT_CONVERSION = YES;
				GCC_WARN_ABOUT_RETURN_TYPE = YES_ERROR;
				GCC_WARN_UNDECLARED_SELECTOR = YES;
				GCC_WARN_UNINITIALIZED_AUTOS = YES_AGGRESSIVE;
				GCC_WARN_UNUSED_FUNCTION = YES;
				GCC_WARN_UNUSED_VARIABLE = YES;
				IPHONEOS_DEPLOYMENT_TARGET = 8.1;
				MTL_ENABLE_DEBUG_INFO = YES;
				ONLY_ACTIVE_ARCH = YES;
				SDKROOT = iphoneos;
			};
			name = Debug;
		};
		7461B41C1A660F210055EA29 /* Release */ = {
			isa = XCBuildConfiguration;
			buildSettings = {
				ALWAYS_SEARCH_USER_PATHS = NO;
				CLANG_CXX_LANGUAGE_STANDARD = "gnu++0x";
				CLANG_CXX_LIBRARY = "libc++";
				CLANG_ENABLE_MODULES = YES;
				CLANG_ENABLE_OBJC_ARC = YES;
				CLANG_WARN_BOOL_CONVERSION = YES;
				CLANG_WARN_CONSTANT_CONVERSION = YES;
				CLANG_WARN_DIRECT_OBJC_ISA_USAGE = YES_ERROR;
				CLANG_WARN_EMPTY_BODY = YES;
				CLANG_WARN_ENUM_CONVERSION = YES;
				CLANG_WARN_INT_CONVERSION = YES;
				CLANG_WARN_OBJC_ROOT_CLASS = YES_ERROR;
				CLANG_WARN_UNREACHABLE_CODE = YES;
				CLANG_WARN__DUPLICATE_METHOD_MATCH = YES;
				"CODE_SIGN_IDENTITY[sdk=iphoneos*]" = "iPhone Developer";
				COPY_PHASE_STRIP = YES;
				ENABLE_NS_ASSERTIONS = NO;
				ENABLE_STRICT_OBJC_MSGSEND = YES;
				GCC_C_LANGUAGE_STANDARD = gnu99;
				GCC_WARN_64_TO_32_BIT_CONVERSION = YES;
				GCC_WARN_ABOUT_RETURN_TYPE = YES_ERROR;
				GCC_WARN_UNDECLARED_SELECTOR = YES;
				GCC_WARN_UNINITIALIZED_AUTOS = YES_AGGRESSIVE;
				GCC_WARN_UNUSED_FUNCTION = YES;
				GCC_WARN_UNUSED_VARIABLE = YES;
				IPHONEOS_DEPLOYMENT_TARGET = 8.1;
				MTL_ENABLE_DEBUG_INFO = NO;
				SDKROOT = iphoneos;
				VALIDATE_PRODUCT = YES;
			};
			name = Release;
		};
		7461B41E1A660F210055EA29 /* Debug */ = {
			isa = XCBuildConfiguration;
			buildSettings = {
				ASSETCATALOG_COMPILER_APPICON_NAME = AppIcon;
				INFOPLIST_FILE = TestSqlite/Info.plist;
				LD_RUNPATH_SEARCH_PATHS = "$(inherited) @executable_path/Frameworks";
				PRODUCT_NAME = "$(TARGET_NAME)";
			};
			name = Debug;
		};
		7461B41F1A660F210055EA29 /* Release */ = {
			isa = XCBuildConfiguration;
			buildSettings = {
				ASSETCATALOG_COMPILER_APPICON_NAME = AppIcon;
				INFOPLIST_FILE = TestSqlite/Info.plist;
				LD_RUNPATH_SEARCH_PATHS = "$(inherited) @executable_path/Frameworks";
				PRODUCT_NAME = "$(TARGET_NAME)";
			};
			name = Release;
		};
		7461B4211A660F210055EA29 /* Debug */ = {
			isa = XCBuildConfiguration;
			buildSettings = {
				BUNDLE_LOADER = "$(TEST_HOST)";
				FRAMEWORK_SEARCH_PATHS = (
					"$(SDKROOT)/Developer/Library/Frameworks",
					"$(inherited)",
				);
				GCC_PREPROCESSOR_DEFINITIONS = (
					"DEBUG=1",
					"$(inherited)",
				);
				INFOPLIST_FILE = TestSqliteTests/Info.plist;
				LD_RUNPATH_SEARCH_PATHS = "$(inherited) @executable_path/Frameworks @loader_path/Frameworks";
				PRODUCT_NAME = "$(TARGET_NAME)";
				TEST_HOST = "$(BUILT_PRODUCTS_DIR)/TestSqlite.app/TestSqlite";
			};
			name = Debug;
		};
		7461B4221A660F210055EA29 /* Release */ = {
			isa = XCBuildConfiguration;
			buildSettings = {
				BUNDLE_LOADER = "$(TEST_HOST)";
				FRAMEWORK_SEARCH_PATHS = (
					"$(SDKROOT)/Developer/Library/Frameworks",
					"$(inherited)",
				);
				INFOPLIST_FILE = TestSqliteTests/Info.plist;
				LD_RUNPATH_SEARCH_PATHS = "$(inherited) @executable_path/Frameworks @loader_path/Frameworks";
				PRODUCT_NAME = "$(TARGET_NAME)";
				TEST_HOST = "$(BUILT_PRODUCTS_DIR)/TestSqlite.app/TestSqlite";
			};
			name = Release;
		};
/* End XCBuildConfiguration section */

/* Begin XCConfigurationList section */
		7461B3F51A660F210055EA29 /* Build configuration list for PBXProject "TestSqlite" */ = {
			isa = XCConfigurationList;
			buildConfigurations = (
				7461B41B1A660F210055EA29 /* Debug */,
				7461B41C1A660F210055EA29 /* Release */,
			);
			defaultConfigurationIsVisible = 0;
			defaultConfigurationName = Release;
		};
		7461B41D1A660F210055EA29 /* Build configuration list for PBXNativeTarget "TestSqlite" */ = {
			isa = XCConfigurationList;
			buildConfigurations = (
				7461B41E1A660F210055EA29 /* Debug */,
				7461B41F1A660F210055EA29 /* Release */,
			);
			defaultConfigurationIsVisible = 0;
			defaultConfigurationName = Release;
		};
		7461B4201A660F210055EA29 /* Build configuration list for PBXNativeTarget "TestSqliteTests" */ = {
			isa = XCConfigurationList;
			buildConfigurations = (
				7461B4211A660F210055EA29 /* Debug */,
				7461B4221A660F210055EA29 /* Release */,
			);
			defaultConfigurationIsVisible = 0;
			defaultConfigurationName = Release;
		};
/* End XCConfigurationList section */
	};
	rootObject = 7461B3F21A660F210055EA29 /* Project object */;
}
