// !$*UTF8*$!
{
	archiveVersion = 1;
	classes = {
	};
	objectVersion = 46;
	objects = {

/* Begin PBXBuildFile section */
		74289E461A2D984900512221 /* main.m in Sources */ = {isa = PBXBuildFile; fileRef = 74289E451A2D984900512221 /* main.m */; };
		74289E491A2D984900512221 /* AppDelegate.m in Sources */ = {isa = PBXBuildFile; fileRef = 74289E481A2D984900512221 /* AppDelegate.m */; };
		74289E4C1A2D984900512221 /* ViewController.m in Sources */ = {isa = PBXBuildFile; fileRef = 74289E4B1A2D984900512221 /* ViewController.m */; };
		74289E4F1A2D984900512221 /* Main.storyboard in Resources */ = {isa = PBXBuildFile; fileRef = 74289E4D1A2D984900512221 /* Main.storyboard */; };
		74289E511A2D984900512221 /* Images.xcassets in Resources */ = {isa = PBXBuildFile; fileRef = 74289E501A2D984900512221 /* Images.xcassets */; };
		74289E541A2D984900512221 /* LaunchScreen.xib in Resources */ = {isa = PBXBuildFile; fileRef = 74289E521A2D984900512221 /* LaunchScreen.xib */; };
		74289E601A2D984900512221 /* AVPlayerTests.m in Sources */ = {isa = PBXBuildFile; fileRef = 74289E5F1A2D984900512221 /* AVPlayerTests.m */; };
		74289E6A1A2D987900512221 /* AVFoundation.framework in Frameworks */ = {isa = PBXBuildFile; fileRef = 74289E691A2D987900512221 /* AVFoundation.framework */; };
		7486564E1A358CF700A93F84 /* 1.mp3 in Resources */ = {isa = PBXBuildFile; fileRef = 7486564D1A358CF700A93F84 /* 1.mp3 */; };
/* End PBXBuildFile section */

/* Begin PBXContainerItemProxy section */
		74289E5A1A2D984900512221 /* PBXContainerItemProxy */ = {
			isa = PBXContainerItemProxy;
			containerPortal = 74289E381A2D984900512221 /* Project object */;
			proxyType = 1;
			remoteGlobalIDString = 74289E3F1A2D984900512221;
			remoteInfo = AVPlayer;
		};
/* End PBXContainerItemProxy section */

/* Begin PBXFileReference section */
		74289E401A2D984900512221 /* AVPlayer.app */ = {isa = PBXFileReference; explicitFileType = wrapper.application; includeInIndex = 0; path = AVPlayer.app; sourceTree = BUILT_PRODUCTS_DIR; };
		74289E441A2D984900512221 /* Info.plist */ = {isa = PBXFileReference; lastKnownFileType = text.plist.xml; path = Info.plist; sourceTree = "<group>"; };
		74289E451A2D984900512221 /* main.m */ = {isa = PBXFileReference; lastKnownFileType = sourcecode.c.objc; path = main.m; sourceTree = "<group>"; };
		74289E471A2D984900512221 /* AppDelegate.h */ = {isa = PBXFileReference; lastKnownFileType = sourcecode.c.h; path = AppDelegate.h; sourceTree = "<group>"; };
		74289E481A2D984900512221 /* AppDelegate.m */ = {isa = PBXFileReference; lastKnownFileType = sourcecode.c.objc; path = AppDelegate.m; sourceTree = "<group>"; };
		74289E4A1A2D984900512221 /* ViewController.h */ = {isa = PBXFileReference; lastKnownFileType = sourcecode.c.h; path = ViewController.h; sourceTree = "<group>"; };
		74289E4B1A2D984900512221 /* ViewController.m */ = {isa = PBXFileReference; lastKnownFileType = sourcecode.c.objc; path = ViewController.m; sourceTree = "<group>"; };
		74289E4E1A2D984900512221 /* Base */ = {isa = PBXFileReference; lastKnownFileType = file.storyboard; name = Base; path = Base.lproj/Main.storyboard; sourceTree = "<group>"; };
		74289E501A2D984900512221 /* Images.xcassets */ = {isa = PBXFileReference; lastKnownFileType = folder.assetcatalog; path = Images.xcassets; sourceTree = "<group>"; };
		74289E531A2D984900512221 /* Base */ = {isa = PBXFileReference; lastKnownFileType = file.xib; name = Base; path = Base.lproj/LaunchScreen.xib; sourceTree = "<group>"; };
		74289E591A2D984900512221 /* AVPlayerTests.xctest */ = {isa = PBXFileReference; explicitFileType = wrapper.cfbundle; includeInIndex = 0; path = AVPlayerTests.xctest; sourceTree = BUILT_PRODUCTS_DIR; };
		74289E5E1A2D984900512221 /* Info.plist */ = {isa = PBXFileReference; lastKnownFileType = text.plist.xml; path = Info.plist; sourceTree = "<group>"; };
		74289E5F1A2D984900512221 /* AVPlayerTests.m */ = {isa = PBXFileReference; lastKnownFileType = sourcecode.c.objc; path = AVPlayerTests.m; sourceTree = "<group>"; };
		74289E691A2D987900512221 /* AVFoundation.framework */ = {isa = PBXFileReference; lastKnownFileType = wrapper.framework; name = AVFoundation.framework; path = System/Library/Frameworks/AVFoundation.framework; sourceTree = SDKROOT; };
		7486564D1A358CF700A93F84 /* 1.mp3 */ = {isa = PBXFileReference; lastKnownFileType = audio.mp3; path = 1.mp3; sourceTree = "<group>"; };
/* End PBXFileReference section */

/* Begin PBXFrameworksBuildPhase section */
		74289E3D1A2D984900512221 /* Frameworks */ = {
			isa = PBXFrameworksBuildPhase;
			buildActionMask = 2147483647;
			files = (
				74289E6A1A2D987900512221 /* AVFoundation.framework in Frameworks */,
			);
			runOnlyForDeploymentPostprocessing = 0;
		};
		74289E561A2D984900512221 /* Frameworks */ = {
			isa = PBXFrameworksBuildPhase;
			buildActionMask = 2147483647;
			files = (
			);
			runOnlyForDeploymentPostprocessing = 0;
		};
/* End PBXFrameworksBuildPhase section */

/* Begin PBXGroup section */
		74289E371A2D984900512221 = {
			isa = PBXGroup;
			children = (
				74289E691A2D987900512221 /* AVFoundation.framework */,
				74289E421A2D984900512221 /* AVPlayer */,
				74289E5C1A2D984900512221 /* AVPlayerTests */,
				74289E411A2D984900512221 /* Products */,
			);
			sourceTree = "<group>";
		};
		74289E411A2D984900512221 /* Products */ = {
			isa = PBXGroup;
			children = (
				74289E401A2D984900512221 /* AVPlayer.app */,
				74289E591A2D984900512221 /* AVPlayerTests.xctest */,
			);
			name = Products;
			sourceTree = "<group>";
		};
		74289E421A2D984900512221 /* AVPlayer */ = {
			isa = PBXGroup;
			children = (
				74289E471A2D984900512221 /* AppDelegate.h */,
				74289E481A2D984900512221 /* AppDelegate.m */,
				74289E4A1A2D984900512221 /* ViewController.h */,
				74289E4B1A2D984900512221 /* ViewController.m */,
				74289E4D1A2D984900512221 /* Main.storyboard */,
				74289E501A2D984900512221 /* Images.xcassets */,
				74289E521A2D984900512221 /* LaunchScreen.xib */,
				74289E431A2D984900512221 /* Supporting Files */,
			);
			path = AVPlayer;
			sourceTree = "<group>";
		};
		74289E431A2D984900512221 /* Supporting Files */ = {
			isa = PBXGroup;
			children = (
				7486564D1A358CF700A93F84 /* 1.mp3 */,
				74289E441A2D984900512221 /* Info.plist */,
				74289E451A2D984900512221 /* main.m */,
			);
			name = "Supporting Files";
			sourceTree = "<group>";
		};
		74289E5C1A2D984900512221 /* AVPlayerTests */ = {
			isa = PBXGroup;
			children = (
				74289E5F1A2D984900512221 /* AVPlayerTests.m */,
				74289E5D1A2D984900512221 /* Supporting Files */,
			);
			path = AVPlayerTests;
			sourceTree = "<group>";
		};
		74289E5D1A2D984900512221 /* Supporting Files */ = {
			isa = PBXGroup;
			children = (
				74289E5E1A2D984900512221 /* Info.plist */,
			);
			name = "Supporting Files";
			sourceTree = "<group>";
		};
/* End PBXGroup section */

/* Begin PBXNativeTarget section */
		74289E3F1A2D984900512221 /* AVPlayer */ = {
			isa = PBXNativeTarget;
			buildConfigurationList = 74289E631A2D984900512221 /* Build configuration list for PBXNativeTarget "AVPlayer" */;
			buildPhases = (
				74289E3C1A2D984900512221 /* Sources */,
				74289E3D1A2D984900512221 /* Frameworks */,
				74289E3E1A2D984900512221 /* Resources */,
			);
			buildRules = (
			);
			dependencies = (
			);
			name = AVPlayer;
			productName = AVPlayer;
			productReference = 74289E401A2D984900512221 /* AVPlayer.app */;
			productType = "com.apple.product-type.application";
		};
		74289E581A2D984900512221 /* AVPlayerTests */ = {
			isa = PBXNativeTarget;
			buildConfigurationList = 74289E661A2D984900512221 /* Build configuration list for PBXNativeTarget "AVPlayerTests" */;
			buildPhases = (
				74289E551A2D984900512221 /* Sources */,
				74289E561A2D984900512221 /* Frameworks */,
				74289E571A2D984900512221 /* Resources */,
			);
			buildRules = (
			);
			dependencies = (
				74289E5B1A2D984900512221 /* PBXTargetDependency */,
			);
			name = AVPlayerTests;
			productName = AVPlayerTests;
			productReference = 74289E591A2D984900512221 /* AVPlayerTests.xctest */;
			productType = "com.apple.product-type.bundle.unit-test";
		};
/* End PBXNativeTarget section */

/* Begin PBXProject section */
		74289E381A2D984900512221 /* Project object */ = {
			isa = PBXProject;
			attributes = {
				LastUpgradeCheck = 0610;
				ORGANIZATIONNAME = chen;
				TargetAttributes = {
					74289E3F1A2D984900512221 = {
						CreatedOnToolsVersion = 6.1;
					};
					74289E581A2D984900512221 = {
						CreatedOnToolsVersion = 6.1;
						TestTargetID = 74289E3F1A2D984900512221;
					};
				};
			};
			buildConfigurationList = 74289E3B1A2D984900512221 /* Build configuration list for PBXProject "AVPlayer" */;
			compatibilityVersion = "Xcode 3.2";
			developmentRegion = English;
			hasScannedForEncodings = 0;
			knownRegions = (
				en,
				Base,
			);
			mainGroup = 74289E371A2D984900512221;
			productRefGroup = 74289E411A2D984900512221 /* Products */;
			projectDirPath = "";
			projectRoot = "";
			targets = (
				74289E3F1A2D984900512221 /* AVPlayer */,
				74289E581A2D984900512221 /* AVPlayerTests */,
			);
		};
/* End PBXProject section */

/* Begin PBXResourcesBuildPhase section */
		74289E3E1A2D984900512221 /* Resources */ = {
			isa = PBXResourcesBuildPhase;
			buildActionMask = 2147483647;
			files = (
				7486564E1A358CF700A93F84 /* 1.mp3 in Resources */,
				74289E4F1A2D984900512221 /* Main.storyboard in Resources */,
				74289E541A2D984900512221 /* LaunchScreen.xib in Resources */,
				74289E511A2D984900512221 /* Images.xcassets in Resources */,
			);
			runOnlyForDeploymentPostprocessing = 0;
		};
		74289E571A2D984900512221 /* Resources */ = {
			isa = PBXResourcesBuildPhase;
			buildActionMask = 2147483647;
			files = (
			);
			runOnlyForDeploymentPostprocessing = 0;
		};
/* End PBXResourcesBuildPhase section */

/* Begin PBXSourcesBuildPhase section */
		74289E3C1A2D984900512221 /* Sources */ = {
			isa = PBXSourcesBuildPhase;
			buildActionMask = 2147483647;
			files = (
				74289E4C1A2D984900512221 /* ViewController.m in Sources */,
				74289E491A2D984900512221 /* AppDelegate.m in Sources */,
				74289E461A2D984900512221 /* main.m in Sources */,
			);
			runOnlyForDeploymentPostprocessing = 0;
		};
		74289E551A2D984900512221 /* Sources */ = {
			isa = PBXSourcesBuildPhase;
			buildActionMask = 2147483647;
			files = (
				74289E601A2D984900512221 /* AVPlayerTests.m in Sources */,
			);
			runOnlyForDeploymentPostprocessing = 0;
		};
/* End PBXSourcesBuildPhase section */

/* Begin PBXTargetDependency section */
		74289E5B1A2D984900512221 /* PBXTargetDependency */ = {
			isa = PBXTargetDependency;
			target = 74289E3F1A2D984900512221 /* AVPlayer */;
			targetProxy = 74289E5A1A2D984900512221 /* PBXContainerItemProxy */;
		};
/* End PBXTargetDependency section */

/* Begin PBXVariantGroup section */
		74289E4D1A2D984900512221 /* Main.storyboard */ = {
			isa = PBXVariantGroup;
			children = (
				74289E4E1A2D984900512221 /* Base */,
			);
			name = Main.storyboard;
			sourceTree = "<group>";
		};
		74289E521A2D984900512221 /* LaunchScreen.xib */ = {
			isa = PBXVariantGroup;
			children = (
				74289E531A2D984900512221 /* Base */,
			);
			name = LaunchScreen.xib;
			sourceTree = "<group>";
		};
/* End PBXVariantGroup section */

/* Begin XCBuildConfiguration section */
		74289E611A2D984900512221 /* Debug */ = {
			isa = XCBuildConfiguration;
			buildSettings = {
				ALWAYS_SEARCH_USER_PATHS = NO;
				CLANG_CXX_LANGUAGE_STANDARD = "gnu++0x";
				CLANG_CXX_LIBRARY = "libc++";
				CLANG_ENABLE_MODULES = YES;
				CLANG_ENABLE_OBJC_ARC = YES;
				CLANG_WARN_BOOL_CONVERSION = YES;
				CLANG_WARN_CONSTANT_CONVERSION = YES;
				CLANG_WARN_DIRECT_OBJC_ISA_USAGE = YES_ERROR;
				CLANG_WARN_EMPTY_BODY = YES;
				CLANG_WARN_ENUM_CONVERSION = YES;
				CLANG_WARN_INT_CONVERSION = YES;
				CLANG_WARN_OBJC_ROOT_CLASS = YES_ERROR;
				CLANG_WARN_UNREACHABLE_CODE = YES;
				CLANG_WARN__DUPLICATE_METHOD_MATCH = YES;
				"CODE_SIGN_IDENTITY[sdk=iphoneos*]" = "iPhone Developer";
				COPY_PHASE_STRIP = NO;
				ENABLE_STRICT_OBJC_MSGSEND = YES;
				GCC_C_LANGUAGE_STANDARD = gnu99;
				GCC_DYNAMIC_NO_PIC = NO;
				GCC_OPTIMIZATION_LEVEL = 0;
				GCC_PREPROCESSOR_DEFINITIONS = (
					"DEBUG=1",
					"$(inherited)",
				);
				GCC_SYMBOLS_PRIVATE_EXTERN = NO;
				GCC_WARN_64_TO_32_BIT_CONVERSION = YES;
				GCC_WARN_ABOUT_RETURN_TYPE = YES_ERROR;
				GCC_WARN_UNDECLARED_SELECTOR = YES;
				GCC_WARN_UNINITIALIZED_AUTOS = YES_AGGRESSIVE;
				GCC_WARN_UNUSED_FUNCTION = YES;
				GCC_WARN_UNUSED_VARIABLE = YES;
				IPHONEOS_DEPLOYMENT_TARGET = 8.1;
				MTL_ENABLE_DEBUG_INFO = YES;
				ONLY_ACTIVE_ARCH = YES;
				SDKROOT = iphoneos;
			};
			name = Debug;
		};
		74289E621A2D984900512221 /* Release */ = {
			isa = XCBuildConfiguration;
			buildSettings = {
				ALWAYS_SEARCH_USER_PATHS = NO;
				CLANG_CXX_LANGUAGE_STANDARD = "gnu++0x";
				CLANG_CXX_LIBRARY = "libc++";
				CLANG_ENABLE_MODULES = YES;
				CLANG_ENABLE_OBJC_ARC = YES;
				CLANG_WARN_BOOL_CONVERSION = YES;
				CLANG_WARN_CONSTANT_CONVERSION = YES;
				CLANG_WARN_DIRECT_OBJC_ISA_USAGE = YES_ERROR;
				CLANG_WARN_EMPTY_BODY = YES;
				CLANG_WARN_ENUM_CONVERSION = YES;
				CLANG_WARN_INT_CONVERSION = YES;
				CLANG_WARN_OBJC_ROOT_CLASS = YES_ERROR;
				CLANG_WARN_UNREACHABLE_CODE = YES;
				CLANG_WARN__DUPLICATE_METHOD_MATCH = YES;
				"CODE_SIGN_IDENTITY[sdk=iphoneos*]" = "iPhone Developer";
				COPY_PHASE_STRIP = YES;
				ENABLE_NS_ASSERTIONS = NO;
				ENABLE_STRICT_OBJC_MSGSEND = YES;
				GCC_C_LANGUAGE_STANDARD = gnu99;
				GCC_WARN_64_TO_32_BIT_CONVERSION = YES;
				GCC_WARN_ABOUT_RETURN_TYPE = YES_ERROR;
				GCC_WARN_UNDECLARED_SELECTOR = YES;
				GCC_WARN_UNINITIALIZED_AUTOS = YES_AGGRESSIVE;
				GCC_WARN_UNUSED_FUNCTION = YES;
				GCC_WARN_UNUSED_VARIABLE = YES;
				IPHONEOS_DEPLOYMENT_TARGET = 8.1;
				MTL_ENABLE_DEBUG_INFO = NO;
				SDKROOT = iphoneos;
				VALIDATE_PRODUCT = YES;
			};
			name = Release;
		};
		74289E641A2D984900512221 /* Debug */ = {
			isa = XCBuildConfiguration;
			buildSettings = {
				ASSETCATALOG_COMPILER_APPICON_NAME = AppIcon;
				INFOPLIST_FILE = AVPlayer/Info.plist;
				LD_RUNPATH_SEARCH_PATHS = "$(inherited) @executable_path/Frameworks";
				PRODUCT_NAME = "$(TARGET_NAME)";
			};
			name = Debug;
		};
		74289E651A2D984900512221 /* Release */ = {
			isa = XCBuildConfiguration;
			buildSettings = {
				ASSETCATALOG_COMPILER_APPICON_NAME = AppIcon;
				INFOPLIST_FILE = AVPlayer/Info.plist;
				LD_RUNPATH_SEARCH_PATHS = "$(inherited) @executable_path/Frameworks";
				PRODUCT_NAME = "$(TARGET_NAME)";
			};
			name = Release;
		};
		74289E671A2D984900512221 /* Debug */ = {
			isa = XCBuildConfiguration;
			buildSettings = {
				BUNDLE_LOADER = "$(TEST_HOST)";
				FRAMEWORK_SEARCH_PATHS = (
					"$(SDKROOT)/Developer/Library/Frameworks",
					"$(inherited)",
				);
				GCC_PREPROCESSOR_DEFINITIONS = (
					"DEBUG=1",
					"$(inherited)",
				);
				INFOPLIST_FILE = AVPlayerTests/Info.plist;
				LD_RUNPATH_SEARCH_PATHS = "$(inherited) @executable_path/Frameworks @loader_path/Frameworks";
				PRODUCT_NAME = "$(TARGET_NAME)";
				TEST_HOST = "$(BUILT_PRODUCTS_DIR)/AVPlayer.app/AVPlayer";
			};
			name = Debug;
		};
		74289E681A2D984900512221 /* Release */ = {
			isa = XCBuildConfiguration;
			buildSettings = {
				BUNDLE_LOADER = "$(TEST_HOST)";
				FRAMEWORK_SEARCH_PATHS = (
					"$(SDKROOT)/Developer/Library/Frameworks",
					"$(inherited)",
				);
				INFOPLIST_FILE = AVPlayerTests/Info.plist;
				LD_RUNPATH_SEARCH_PATHS = "$(inherited) @executable_path/Frameworks @loader_path/Frameworks";
				PRODUCT_NAME = "$(TARGET_NAME)";
				TEST_HOST = "$(BUILT_PRODUCTS_DIR)/AVPlayer.app/AVPlayer";
			};
			name = Release;
		};
/* End XCBuildConfiguration section */

/* Begin XCConfigurationList section */
		74289E3B1A2D984900512221 /* Build configuration list for PBXProject "AVPlayer" */ = {
			isa = XCConfigurationList;
			buildConfigurations = (
				74289E611A2D984900512221 /* Debug */,
				74289E621A2D984900512221 /* Release */,
			);
			defaultConfigurationIsVisible = 0;
			defaultConfigurationName = Release;
		};
		74289E631A2D984900512221 /* Build configuration list for PBXNativeTarget "AVPlayer" */ = {
			isa = XCConfigurationList;
			buildConfigurations = (
				74289E641A2D984900512221 /* Debug */,
				74289E651A2D984900512221 /* Release */,
			);
			defaultConfigurationIsVisible = 0;
			defaultConfigurationName = Release;
		};
		74289E661A2D984900512221 /* Build configuration list for PBXNativeTarget "AVPlayerTests" */ = {
			isa = XCConfigurationList;
			buildConfigurations = (
				74289E671A2D984900512221 /* Debug */,
				74289E681A2D984900512221 /* Release */,
			);
			defaultConfigurationIsVisible = 0;
			defaultConfigurationName = Release;
		};
/* End XCConfigurationList section */
	};
	rootObject = 74289E381A2D984900512221 /* Project object */;
}
