// !$*UTF8*$!
{
	archiveVersion = 1;
	classes = {
	};
	objectVersion = 46;
	objects = {

/* Begin PBXBuildFile section */
		7475C7261A4940C6003D4634 /* main.m in Sources */ = {isa = PBXBuildFile; fileRef = 7475C7251A4940C6003D4634 /* main.m */; };
		7475C7291A4940C6003D4634 /* AppDelegate.m in Sources */ = {isa = PBXBuildFile; fileRef = 7475C7281A4940C6003D4634 /* AppDelegate.m */; };
		7475C72C1A4940C6003D4634 /* CoreDataDemo.xcdatamodeld in Sources */ = {isa = PBXBuildFile; fileRef = 7475C72A1A4940C6003D4634 /* CoreDataDemo.xcdatamodeld */; };
		7475C72F1A4940C6003D4634 /* MasterViewController.m in Sources */ = {isa = PBXBuildFile; fileRef = 7475C72E1A4940C6003D4634 /* MasterViewController.m */; };
		7475C7321A4940C6003D4634 /* DetailViewController.m in Sources */ = {isa = PBXBuildFile; fileRef = 7475C7311A4940C6003D4634 /* DetailViewController.m */; };
		7475C7351A4940C6003D4634 /* Main.storyboard in Resources */ = {isa = PBXBuildFile; fileRef = 7475C7331A4940C6003D4634 /* Main.storyboard */; };
		7475C7371A4940C6003D4634 /* Images.xcassets in Resources */ = {isa = PBXBuildFile; fileRef = 7475C7361A4940C6003D4634 /* Images.xcassets */; };
		7475C73A1A4940C6003D4634 /* LaunchScreen.xib in Resources */ = {isa = PBXBuildFile; fileRef = 7475C7381A4940C6003D4634 /* LaunchScreen.xib */; };
		7475C7461A4940C6003D4634 /* CoreDataDemoTests.m in Sources */ = {isa = PBXBuildFile; fileRef = 7475C7451A4940C6003D4634 /* CoreDataDemoTests.m */; };
/* End PBXBuildFile section */

/* Begin PBXContainerItemProxy section */
		7475C7401A4940C6003D4634 /* PBXContainerItemProxy */ = {
			isa = PBXContainerItemProxy;
			containerPortal = 7475C7181A4940C6003D4634 /* Project object */;
			proxyType = 1;
			remoteGlobalIDString = 7475C71F1A4940C6003D4634;
			remoteInfo = CoreDataDemo;
		};
/* End PBXContainerItemProxy section */

/* Begin PBXFileReference section */
		7475C7201A4940C6003D4634 /* CoreDataDemo.app */ = {isa = PBXFileReference; explicitFileType = wrapper.application; includeInIndex = 0; path = CoreDataDemo.app; sourceTree = BUILT_PRODUCTS_DIR; };
		7475C7241A4940C6003D4634 /* Info.plist */ = {isa = PBXFileReference; lastKnownFileType = text.plist.xml; path = Info.plist; sourceTree = "<group>"; };
		7475C7251A4940C6003D4634 /* main.m */ = {isa = PBXFileReference; lastKnownFileType = sourcecode.c.objc; path = main.m; sourceTree = "<group>"; };
		7475C7271A4940C6003D4634 /* AppDelegate.h */ = {isa = PBXFileReference; lastKnownFileType = sourcecode.c.h; path = AppDelegate.h; sourceTree = "<group>"; };
		7475C7281A4940C6003D4634 /* AppDelegate.m */ = {isa = PBXFileReference; lastKnownFileType = sourcecode.c.objc; path = AppDelegate.m; sourceTree = "<group>"; };
		7475C72B1A4940C6003D4634 /* CoreDataDemo.xcdatamodel */ = {isa = PBXFileReference; lastKnownFileType = wrapper.xcdatamodel; path = CoreDataDemo.xcdatamodel; sourceTree = "<group>"; };
		7475C72D1A4940C6003D4634 /* MasterViewController.h */ = {isa = PBXFileReference; lastKnownFileType = sourcecode.c.h; path = MasterViewController.h; sourceTree = "<group>"; };
		7475C72E1A4940C6003D4634 /* MasterViewController.m */ = {isa = PBXFileReference; lastKnownFileType = sourcecode.c.objc; path = MasterViewController.m; sourceTree = "<group>"; };
		7475C7301A4940C6003D4634 /* DetailViewController.h */ = {isa = PBXFileReference; lastKnownFileType = sourcecode.c.h; path = DetailViewController.h; sourceTree = "<group>"; };
		7475C7311A4940C6003D4634 /* DetailViewController.m */ = {isa = PBXFileReference; lastKnownFileType = sourcecode.c.objc; path = DetailViewController.m; sourceTree = "<group>"; };
		7475C7341A4940C6003D4634 /* Base */ = {isa = PBXFileReference; lastKnownFileType = file.storyboard; name = Base; path = Base.lproj/Main.storyboard; sourceTree = "<group>"; };
		7475C7361A4940C6003D4634 /* Images.xcassets */ = {isa = PBXFileReference; lastKnownFileType = folder.assetcatalog; path = Images.xcassets; sourceTree = "<group>"; };
		7475C7391A4940C6003D4634 /* Base */ = {isa = PBXFileReference; lastKnownFileType = file.xib; name = Base; path = Base.lproj/LaunchScreen.xib; sourceTree = "<group>"; };
		7475C73F1A4940C6003D4634 /* CoreDataDemoTests.xctest */ = {isa = PBXFileReference; explicitFileType = wrapper.cfbundle; includeInIndex = 0; path = CoreDataDemoTests.xctest; sourceTree = BUILT_PRODUCTS_DIR; };
		7475C7441A4940C6003D4634 /* Info.plist */ = {isa = PBXFileReference; lastKnownFileType = text.plist.xml; path = Info.plist; sourceTree = "<group>"; };
		7475C7451A4940C6003D4634 /* CoreDataDemoTests.m */ = {isa = PBXFileReference; lastKnownFileType = sourcecode.c.objc; path = CoreDataDemoTests.m; sourceTree = "<group>"; };
/* End PBXFileReference section */

/* Begin PBXFrameworksBuildPhase section */
		7475C71D1A4940C6003D4634 /* Frameworks */ = {
			isa = PBXFrameworksBuildPhase;
			buildActionMask = 2147483647;
			files = (
			);
			runOnlyForDeploymentPostprocessing = 0;
		};
		7475C73C1A4940C6003D4634 /* Frameworks */ = {
			isa = PBXFrameworksBuildPhase;
			buildActionMask = 2147483647;
			files = (
			);
			runOnlyForDeploymentPostprocessing = 0;
		};
/* End PBXFrameworksBuildPhase section */

/* Begin PBXGroup section */
		7475C7171A4940C6003D4634 = {
			isa = PBXGroup;
			children = (
				7475C7221A4940C6003D4634 /* CoreDataDemo */,
				7475C7421A4940C6003D4634 /* CoreDataDemoTests */,
				7475C7211A4940C6003D4634 /* Products */,
			);
			sourceTree = "<group>";
		};
		7475C7211A4940C6003D4634 /* Products */ = {
			isa = PBXGroup;
			children = (
				7475C7201A4940C6003D4634 /* CoreDataDemo.app */,
				7475C73F1A4940C6003D4634 /* CoreDataDemoTests.xctest */,
			);
			name = Products;
			sourceTree = "<group>";
		};
		7475C7221A4940C6003D4634 /* CoreDataDemo */ = {
			isa = PBXGroup;
			children = (
				7475C7271A4940C6003D4634 /* AppDelegate.h */,
				7475C7281A4940C6003D4634 /* AppDelegate.m */,
				7475C72D1A4940C6003D4634 /* MasterViewController.h */,
				7475C72E1A4940C6003D4634 /* MasterViewController.m */,
				7475C7301A4940C6003D4634 /* DetailViewController.h */,
				7475C7311A4940C6003D4634 /* DetailViewController.m */,
				7475C7331A4940C6003D4634 /* Main.storyboard */,
				7475C7361A4940C6003D4634 /* Images.xcassets */,
				7475C7381A4940C6003D4634 /* LaunchScreen.xib */,
				7475C72A1A4940C6003D4634 /* CoreDataDemo.xcdatamodeld */,
				7475C7231A4940C6003D4634 /* Supporting Files */,
			);
			path = CoreDataDemo;
			sourceTree = "<group>";
		};
		7475C7231A4940C6003D4634 /* Supporting Files */ = {
			isa = PBXGroup;
			children = (
				7475C7241A4940C6003D4634 /* Info.plist */,
				7475C7251A4940C6003D4634 /* main.m */,
			);
			name = "Supporting Files";
			sourceTree = "<group>";
		};
		7475C7421A4940C6003D4634 /* CoreDataDemoTests */ = {
			isa = PBXGroup;
			children = (
				7475C7451A4940C6003D4634 /* CoreDataDemoTests.m */,
				7475C7431A4940C6003D4634 /* Supporting Files */,
			);
			path = CoreDataDemoTests;
			sourceTree = "<group>";
		};
		7475C7431A4940C6003D4634 /* Supporting Files */ = {
			isa = PBXGroup;
			children = (
				7475C7441A4940C6003D4634 /* Info.plist */,
			);
			name = "Supporting Files";
			sourceTree = "<group>";
		};
/* End PBXGroup section */

/* Begin PBXNativeTarget section */
		7475C71F1A4940C6003D4634 /* CoreDataDemo */ = {
			isa = PBXNativeTarget;
			buildConfigurationList = 7475C7491A4940C6003D4634 /* Build configuration list for PBXNativeTarget "CoreDataDemo" */;
			buildPhases = (
				7475C71C1A4940C6003D4634 /* Sources */,
				7475C71D1A4940C6003D4634 /* Frameworks */,
				7475C71E1A4940C6003D4634 /* Resources */,
			);
			buildRules = (
			);
			dependencies = (
			);
			name = CoreDataDemo;
			productName = CoreDataDemo;
			productReference = 7475C7201A4940C6003D4634 /* CoreDataDemo.app */;
			productType = "com.apple.product-type.application";
		};
		7475C73E1A4940C6003D4634 /* CoreDataDemoTests */ = {
			isa = PBXNativeTarget;
			buildConfigurationList = 7475C74C1A4940C6003D4634 /* Build configuration list for PBXNativeTarget "CoreDataDemoTests" */;
			buildPhases = (
				7475C73B1A4940C6003D4634 /* Sources */,
				7475C73C1A4940C6003D4634 /* Frameworks */,
				7475C73D1A4940C6003D4634 /* Resources */,
			);
			buildRules = (
			);
			dependencies = (
				7475C7411A4940C6003D4634 /* PBXTargetDependency */,
			);
			name = CoreDataDemoTests;
			productName = CoreDataDemoTests;
			productReference = 7475C73F1A4940C6003D4634 /* CoreDataDemoTests.xctest */;
			productType = "com.apple.product-type.bundle.unit-test";
		};
/* End PBXNativeTarget section */

/* Begin PBXProject section */
		7475C7181A4940C6003D4634 /* Project object */ = {
			isa = PBXProject;
			attributes = {
				LastUpgradeCheck = 0610;
				ORGANIZATIONNAME = chen;
				TargetAttributes = {
					7475C71F1A4940C6003D4634 = {
						CreatedOnToolsVersion = 6.1.1;
					};
					7475C73E1A4940C6003D4634 = {
						CreatedOnToolsVersion = 6.1.1;
						TestTargetID = 7475C71F1A4940C6003D4634;
					};
				};
			};
			buildConfigurationList = 7475C71B1A4940C6003D4634 /* Build configuration list for PBXProject "CoreDataDemo" */;
			compatibilityVersion = "Xcode 3.2";
			developmentRegion = English;
			hasScannedForEncodings = 0;
			knownRegions = (
				en,
				Base,
			);
			mainGroup = 7475C7171A4940C6003D4634;
			productRefGroup = 7475C7211A4940C6003D4634 /* Products */;
			projectDirPath = "";
			projectRoot = "";
			targets = (
				7475C71F1A4940C6003D4634 /* CoreDataDemo */,
				7475C73E1A4940C6003D4634 /* CoreDataDemoTests */,
			);
		};
/* End PBXProject section */

/* Begin PBXResourcesBuildPhase section */
		7475C71E1A4940C6003D4634 /* Resources */ = {
			isa = PBXResourcesBuildPhase;
			buildActionMask = 2147483647;
			files = (
				7475C7351A4940C6003D4634 /* Main.storyboard in Resources */,
				7475C73A1A4940C6003D4634 /* LaunchScreen.xib in Resources */,
				7475C7371A4940C6003D4634 /* Images.xcassets in Resources */,
			);
			runOnlyForDeploymentPostprocessing = 0;
		};
		7475C73D1A4940C6003D4634 /* Resources */ = {
			isa = PBXResourcesBuildPhase;
			buildActionMask = 2147483647;
			files = (
			);
			runOnlyForDeploymentPostprocessing = 0;
		};
/* End PBXResourcesBuildPhase section */

/* Begin PBXSourcesBuildPhase section */
		7475C71C1A4940C6003D4634 /* Sources */ = {
			isa = PBXSourcesBuildPhase;
			buildActionMask = 2147483647;
			files = (
				7475C7321A4940C6003D4634 /* DetailViewController.m in Sources */,
				7475C72F1A4940C6003D4634 /* MasterViewController.m in Sources */,
				7475C7291A4940C6003D4634 /* AppDelegate.m in Sources */,
				7475C72C1A4940C6003D4634 /* CoreDataDemo.xcdatamodeld in Sources */,
				7475C7261A4940C6003D4634 /* main.m in Sources */,
			);
			runOnlyForDeploymentPostprocessing = 0;
		};
		7475C73B1A4940C6003D4634 /* Sources */ = {
			isa = PBXSourcesBuildPhase;
			buildActionMask = 2147483647;
			files = (
				7475C7461A4940C6003D4634 /* CoreDataDemoTests.m in Sources */,
			);
			runOnlyForDeploymentPostprocessing = 0;
		};
/* End PBXSourcesBuildPhase section */

/* Begin PBXTargetDependency section */
		7475C7411A4940C6003D4634 /* PBXTargetDependency */ = {
			isa = PBXTargetDependency;
			target = 7475C71F1A4940C6003D4634 /* CoreDataDemo */;
			targetProxy = 7475C7401A4940C6003D4634 /* PBXContainerItemProxy */;
		};
/* End PBXTargetDependency section */

/* Begin PBXVariantGroup section */
		7475C7331A4940C6003D4634 /* Main.storyboard */ = {
			isa = PBXVariantGroup;
			children = (
				7475C7341A4940C6003D4634 /* Base */,
			);
			name = Main.storyboard;
			sourceTree = "<group>";
		};
		7475C7381A4940C6003D4634 /* LaunchScreen.xib */ = {
			isa = PBXVariantGroup;
			children = (
				7475C7391A4940C6003D4634 /* Base */,
			);
			name = LaunchScreen.xib;
			sourceTree = "<group>";
		};
/* End PBXVariantGroup section */

/* Begin XCBuildConfiguration section */
		7475C7471A4940C6003D4634 /* Debug */ = {
			isa = XCBuildConfiguration;
			buildSettings = {
				ALWAYS_SEARCH_USER_PATHS = NO;
				CLANG_CXX_LANGUAGE_STANDARD = "gnu++0x";
				CLANG_CXX_LIBRARY = "libc++";
				CLANG_ENABLE_MODULES = YES;
				CLANG_ENABLE_OBJC_ARC = YES;
				CLANG_WARN_BOOL_CONVERSION = YES;
				CLANG_WARN_CONSTANT_CONVERSION = YES;
				CLANG_WARN_DIRECT_OBJC_ISA_USAGE = YES_ERROR;
				CLANG_WARN_EMPTY_BODY = YES;
				CLANG_WARN_ENUM_CONVERSION = YES;
				CLANG_WARN_INT_CONVERSION = YES;
				CLANG_WARN_OBJC_ROOT_CLASS = YES_ERROR;
				CLANG_WARN_UNREACHABLE_CODE = YES;
				CLANG_WARN__DUPLICATE_METHOD_MATCH = YES;
				"CODE_SIGN_IDENTITY[sdk=iphoneos*]" = "iPhone Developer";
				COPY_PHASE_STRIP = NO;
				ENABLE_STRICT_OBJC_MSGSEND = YES;
				GCC_C_LANGUAGE_STANDARD = gnu99;
				GCC_DYNAMIC_NO_PIC = NO;
				GCC_OPTIMIZATION_LEVEL = 0;
				GCC_PREPROCESSOR_DEFINITIONS = (
					"DEBUG=1",
					"$(inherited)",
				);
				GCC_SYMBOLS_PRIVATE_EXTERN = NO;
				GCC_WARN_64_TO_32_BIT_CONVERSION = YES;
				GCC_WARN_ABOUT_RETURN_TYPE = YES_ERROR;
				GCC_WARN_UNDECLARED_SELECTOR = YES;
				GCC_WARN_UNINITIALIZED_AUTOS = YES_AGGRESSIVE;
				GCC_WARN_UNUSED_FUNCTION = YES;
				GCC_WARN_UNUSED_VARIABLE = YES;
				IPHONEOS_DEPLOYMENT_TARGET = 8.1;
				MTL_ENABLE_DEBUG_INFO = YES;
				ONLY_ACTIVE_ARCH = YES;
				SDKROOT = iphoneos;
			};
			name = Debug;
		};
		7475C7481A4940C6003D4634 /* Release */ = {
			isa = XCBuildConfiguration;
			buildSettings = {
				ALWAYS_SEARCH_USER_PATHS = NO;
				CLANG_CXX_LANGUAGE_STANDARD = "gnu++0x";
				CLANG_CXX_LIBRARY = "libc++";
				CLANG_ENABLE_MODULES = YES;
				CLANG_ENABLE_OBJC_ARC = YES;
				CLANG_WARN_BOOL_CONVERSION = YES;
				CLANG_WARN_CONSTANT_CONVERSION = YES;
				CLANG_WARN_DIRECT_OBJC_ISA_USAGE = YES_ERROR;
				CLANG_WARN_EMPTY_BODY = YES;
				CLANG_WARN_ENUM_CONVERSION = YES;
				CLANG_WARN_INT_CONVERSION = YES;
				CLANG_WARN_OBJC_ROOT_CLASS = YES_ERROR;
				CLANG_WARN_UNREACHABLE_CODE = YES;
				CLANG_WARN__DUPLICATE_METHOD_MATCH = YES;
				"CODE_SIGN_IDENTITY[sdk=iphoneos*]" = "iPhone Developer";
				COPY_PHASE_STRIP = YES;
				ENABLE_NS_ASSERTIONS = NO;
				ENABLE_STRICT_OBJC_MSGSEND = YES;
				GCC_C_LANGUAGE_STANDARD = gnu99;
				GCC_WARN_64_TO_32_BIT_CONVERSION = YES;
				GCC_WARN_ABOUT_RETURN_TYPE = YES_ERROR;
				GCC_WARN_UNDECLARED_SELECTOR = YES;
				GCC_WARN_UNINITIALIZED_AUTOS = YES_AGGRESSIVE;
				GCC_WARN_UNUSED_FUNCTION = YES;
				GCC_WARN_UNUSED_VARIABLE = YES;
				IPHONEOS_DEPLOYMENT_TARGET = 8.1;
				MTL_ENABLE_DEBUG_INFO = NO;
				SDKROOT = iphoneos;
				VALIDATE_PRODUCT = YES;
			};
			name = Release;
		};
		7475C74A1A4940C6003D4634 /* Debug */ = {
			isa = XCBuildConfiguration;
			buildSettings = {
				ASSETCATALOG_COMPILER_APPICON_NAME = AppIcon;
				INFOPLIST_FILE = CoreDataDemo/Info.plist;
				LD_RUNPATH_SEARCH_PATHS = "$(inherited) @executable_path/Frameworks";
				PRODUCT_NAME = "$(TARGET_NAME)";
			};
			name = Debug;
		};
		7475C74B1A4940C6003D4634 /* Release */ = {
			isa = XCBuildConfiguration;
			buildSettings = {
				ASSETCATALOG_COMPILER_APPICON_NAME = AppIcon;
				INFOPLIST_FILE = CoreDataDemo/Info.plist;
				LD_RUNPATH_SEARCH_PATHS = "$(inherited) @executable_path/Frameworks";
				PRODUCT_NAME = "$(TARGET_NAME)";
			};
			name = Release;
		};
		7475C74D1A4940C6003D4634 /* Debug */ = {
			isa = XCBuildConfiguration;
			buildSettings = {
				BUNDLE_LOADER = "$(TEST_HOST)";
				FRAMEWORK_SEARCH_PATHS = (
					"$(SDKROOT)/Developer/Library/Frameworks",
					"$(inherited)",
				);
				GCC_PREPROCESSOR_DEFINITIONS = (
					"DEBUG=1",
					"$(inherited)",
				);
				INFOPLIST_FILE = CoreDataDemoTests/Info.plist;
				LD_RUNPATH_SEARCH_PATHS = "$(inherited) @executable_path/Frameworks @loader_path/Frameworks";
				PRODUCT_NAME = "$(TARGET_NAME)";
				TEST_HOST = "$(BUILT_PRODUCTS_DIR)/CoreDataDemo.app/CoreDataDemo";
			};
			name = Debug;
		};
		7475C74E1A4940C6003D4634 /* Release */ = {
			isa = XCBuildConfiguration;
			buildSettings = {
				BUNDLE_LOADER = "$(TEST_HOST)";
				FRAMEWORK_SEARCH_PATHS = (
					"$(SDKROOT)/Developer/Library/Frameworks",
					"$(inherited)",
				);
				INFOPLIST_FILE = CoreDataDemoTests/Info.plist;
				LD_RUNPATH_SEARCH_PATHS = "$(inherited) @executable_path/Frameworks @loader_path/Frameworks";
				PRODUCT_NAME = "$(TARGET_NAME)";
				TEST_HOST = "$(BUILT_PRODUCTS_DIR)/CoreDataDemo.app/CoreDataDemo";
			};
			name = Release;
		};
/* End XCBuildConfiguration section */

/* Begin XCConfigurationList section */
		7475C71B1A4940C6003D4634 /* Build configuration list for PBXProject "CoreDataDemo" */ = {
			isa = XCConfigurationList;
			buildConfigurations = (
				7475C7471A4940C6003D4634 /* Debug */,
				7475C7481A4940C6003D4634 /* Release */,
			);
			defaultConfigurationIsVisible = 0;
			defaultConfigurationName = Release;
		};
		7475C7491A4940C6003D4634 /* Build configuration list for PBXNativeTarget "CoreDataDemo" */ = {
			isa = XCConfigurationList;
			buildConfigurations = (
				7475C74A1A4940C6003D4634 /* Debug */,
				7475C74B1A4940C6003D4634 /* Release */,
			);
			defaultConfigurationIsVisible = 0;
		};
		7475C74C1A4940C6003D4634 /* Build configuration list for PBXNativeTarget "CoreDataDemoTests" */ = {
			isa = XCConfigurationList;
			buildConfigurations = (
				7475C74D1A4940C6003D4634 /* Debug */,
				7475C74E1A4940C6003D4634 /* Release */,
			);
			defaultConfigurationIsVisible = 0;
		};
/* End XCConfigurationList section */

/* Begin XCVersionGroup section */
		7475C72A1A4940C6003D4634 /* CoreDataDemo.xcdatamodeld */ = {
			isa = XCVersionGroup;
			children = (
				7475C72B1A4940C6003D4634 /* CoreDataDemo.xcdatamodel */,
			);
			currentVersion = 7475C72B1A4940C6003D4634 /* CoreDataDemo.xcdatamodel */;
			path = CoreDataDemo.xcdatamodeld;
			sourceTree = "<group>";
			versionGroupType = wrapper.xcdatamodel;
		};
/* End XCVersionGroup section */
	};
	rootObject = 7475C7181A4940C6003D4634 /* Project object */;
}
