// !$*UTF8*$!
{
	archiveVersion = 1;
	classes = {
	};
	objectVersion = 46;
	objects = {

/* Begin PBXBuildFile section */
		741348B019EE273F004B3DCF /* main.m in Sources */ = {isa = PBXBuildFile; fileRef = 741348AF19EE273F004B3DCF /* main.m */; };
		741348B319EE273F004B3DCF /* AppDelegate.m in Sources */ = {isa = PBXBuildFile; fileRef = 741348B219EE273F004B3DCF /* AppDelegate.m */; };
		741348B619EE273F004B3DCF /* WeiBo.xcdatamodeld in Sources */ = {isa = PBXBuildFile; fileRef = 741348B419EE273F004B3DCF /* WeiBo.xcdatamodeld */; };
		741348B919EE273F004B3DCF /* ViewController.m in Sources */ = {isa = PBXBuildFile; fileRef = 741348B819EE273F004B3DCF /* ViewController.m */; };
		741348BC19EE273F004B3DCF /* Main.storyboard in Resources */ = {isa = PBXBuildFile; fileRef = 741348BA19EE273F004B3DCF /* Main.storyboard */; };
		741348BE19EE273F004B3DCF /* Images.xcassets in Resources */ = {isa = PBXBuildFile; fileRef = 741348BD19EE273F004B3DCF /* Images.xcassets */; };
		741348C119EE273F004B3DCF /* LaunchScreen.xib in Resources */ = {isa = PBXBuildFile; fileRef = 741348BF19EE273F004B3DCF /* LaunchScreen.xib */; };
		741348CD19EE273F004B3DCF /* WeiBoTests.m in Sources */ = {isa = PBXBuildFile; fileRef = 741348CC19EE273F004B3DCF /* WeiBoTests.m */; };
		741348E319EE4E19004B3DCF /* Localizable.strings in Resources */ = {isa = PBXBuildFile; fileRef = 741348E519EE4E19004B3DCF /* Localizable.strings */; };
		741348F119EE6132004B3DCF /* InfoPlist.strings in Resources */ = {isa = PBXBuildFile; fileRef = 741348F319EE6132004B3DCF /* InfoPlist.strings */; };
		74289E6D1A2D9B4600512221 /* Download.m in Sources */ = {isa = PBXBuildFile; fileRef = 74289E6C1A2D9B4600512221 /* Download.m */; };
		742E65131A2C0EE70013A9D5 /* libsqlite3.0.dylib in Frameworks */ = {isa = PBXBuildFile; fileRef = 742E65121A2C0EE70013A9D5 /* libsqlite3.0.dylib */; };
		742E65161A2C12460013A9D5 /* SQLITE.m in Sources */ = {isa = PBXBuildFile; fileRef = 742E65151A2C12460013A9D5 /* SQLITE.m */; };
		746AFBCE19F4F5CF00EDC615 /* GlobalNetWork.m in Sources */ = {isa = PBXBuildFile; fileRef = 746AFBCD19F4F5CF00EDC615 /* GlobalNetWork.m */; };
		74A883C51A4A583B00337F8C /* CoreImage.framework in Frameworks */ = {isa = PBXBuildFile; fileRef = 74A883C41A4A583B00337F8C /* CoreImage.framework */; };
		74A883C71A4A5FF900337F8C /* 1.png in Resources */ = {isa = PBXBuildFile; fileRef = 74A883C61A4A5FF900337F8C /* 1.png */; };
		E694B3E37F8F8D154CB2D8C4 /* libPods.a in Frameworks */ = {isa = PBXBuildFile; fileRef = 2F13A11012802415EE0D631F /* libPods.a */; };
/* End PBXBuildFile section */

/* Begin PBXContainerItemProxy section */
		741348C719EE273F004B3DCF /* PBXContainerItemProxy */ = {
			isa = PBXContainerItemProxy;
			containerPortal = 741348A219EE273F004B3DCF /* Project object */;
			proxyType = 1;
			remoteGlobalIDString = 741348A919EE273F004B3DCF;
			remoteInfo = WeiBo;
		};
/* End PBXContainerItemProxy section */

/* Begin PBXFileReference section */
		10C85EE55EFF85C6559F89A3 /* Pods.debug.xcconfig */ = {isa = PBXFileReference; includeInIndex = 1; lastKnownFileType = text.xcconfig; name = Pods.debug.xcconfig; path = "Pods/Target Support Files/Pods/Pods.debug.xcconfig"; sourceTree = "<group>"; };
		2F13A11012802415EE0D631F /* libPods.a */ = {isa = PBXFileReference; explicitFileType = archive.ar; includeInIndex = 0; path = libPods.a; sourceTree = BUILT_PRODUCTS_DIR; };
		741348AA19EE273F004B3DCF /* WeiBo.app */ = {isa = PBXFileReference; explicitFileType = wrapper.application; includeInIndex = 0; path = WeiBo.app; sourceTree = BUILT_PRODUCTS_DIR; };
		741348AE19EE273F004B3DCF /* Info.plist */ = {isa = PBXFileReference; lastKnownFileType = text.plist.xml; path = Info.plist; sourceTree = "<group>"; };
		741348AF19EE273F004B3DCF /* main.m */ = {isa = PBXFileReference; lastKnownFileType = sourcecode.c.objc; path = main.m; sourceTree = "<group>"; };
		741348B119EE273F004B3DCF /* AppDelegate.h */ = {isa = PBXFileReference; lastKnownFileType = sourcecode.c.h; path = AppDelegate.h; sourceTree = "<group>"; };
		741348B219EE273F004B3DCF /* AppDelegate.m */ = {isa = PBXFileReference; lastKnownFileType = sourcecode.c.objc; path = AppDelegate.m; sourceTree = "<group>"; };
		741348B519EE273F004B3DCF /* WeiBo.xcdatamodel */ = {isa = PBXFileReference; lastKnownFileType = wrapper.xcdatamodel; path = WeiBo.xcdatamodel; sourceTree = "<group>"; };
		741348B719EE273F004B3DCF /* ViewController.h */ = {isa = PBXFileReference; lastKnownFileType = sourcecode.c.h; path = ViewController.h; sourceTree = "<group>"; };
		741348B819EE273F004B3DCF /* ViewController.m */ = {isa = PBXFileReference; lastKnownFileType = sourcecode.c.objc; path = ViewController.m; sourceTree = "<group>"; };
		741348BB19EE273F004B3DCF /* Base */ = {isa = PBXFileReference; lastKnownFileType = file.storyboard; name = Base; path = Base.lproj/Main.storyboard; sourceTree = "<group>"; };
		741348BD19EE273F004B3DCF /* Images.xcassets */ = {isa = PBXFileReference; lastKnownFileType = folder.assetcatalog; path = Images.xcassets; sourceTree = "<group>"; };
		741348C019EE273F004B3DCF /* Base */ = {isa = PBXFileReference; lastKnownFileType = file.xib; name = Base; path = Base.lproj/LaunchScreen.xib; sourceTree = "<group>"; };
		741348C619EE273F004B3DCF /* WeiBoTests.xctest */ = {isa = PBXFileReference; explicitFileType = wrapper.cfbundle; includeInIndex = 0; path = WeiBoTests.xctest; sourceTree = BUILT_PRODUCTS_DIR; };
		741348CB19EE273F004B3DCF /* Info.plist */ = {isa = PBXFileReference; lastKnownFileType = text.plist.xml; path = Info.plist; sourceTree = "<group>"; };
		741348CC19EE273F004B3DCF /* WeiBoTests.m */ = {isa = PBXFileReference; lastKnownFileType = sourcecode.c.objc; path = WeiBoTests.m; sourceTree = "<group>"; };
		741348E419EE4E19004B3DCF /* en */ = {isa = PBXFileReference; lastKnownFileType = text.plist.strings; name = en; path = en.lproj/Localizable.strings; sourceTree = "<group>"; };
		741348E619EE4E33004B3DCF /* zh-Hans */ = {isa = PBXFileReference; lastKnownFileType = text.plist.strings; name = "zh-Hans"; path = "zh-Hans.lproj/Localizable.strings"; sourceTree = "<group>"; };
		741348F219EE6132004B3DCF /* en */ = {isa = PBXFileReference; lastKnownFileType = text.plist.strings; name = en; path = en.lproj/InfoPlist.strings; sourceTree = "<group>"; };
		741348F419EE6134004B3DCF /* zh-Hans */ = {isa = PBXFileReference; lastKnownFileType = text.plist.strings; name = "zh-Hans"; path = "zh-Hans.lproj/InfoPlist.strings"; sourceTree = "<group>"; };
		741348F519EE61A4004B3DCF /* Base */ = {isa = PBXFileReference; lastKnownFileType = text.plist.strings; name = Base; path = Base.lproj/InfoPlist.strings; sourceTree = "<group>"; };
		741348F619EE61AA004B3DCF /* Base */ = {isa = PBXFileReference; lastKnownFileType = text.plist.strings; name = Base; path = Base.lproj/Localizable.strings; sourceTree = "<group>"; };
		74289E6B1A2D9B4600512221 /* Download.h */ = {isa = PBXFileReference; fileEncoding = 4; lastKnownFileType = sourcecode.c.h; path = Download.h; sourceTree = "<group>"; };
		74289E6C1A2D9B4600512221 /* Download.m */ = {isa = PBXFileReference; fileEncoding = 4; lastKnownFileType = sourcecode.c.objc; path = Download.m; sourceTree = "<group>"; };
		742E65121A2C0EE70013A9D5 /* libsqlite3.0.dylib */ = {isa = PBXFileReference; lastKnownFileType = "compiled.mach-o.dylib"; name = libsqlite3.0.dylib; path = usr/lib/libsqlite3.0.dylib; sourceTree = SDKROOT; };
		742E65141A2C12460013A9D5 /* SQLITE.h */ = {isa = PBXFileReference; fileEncoding = 4; lastKnownFileType = sourcecode.c.h; path = SQLITE.h; sourceTree = "<group>"; };
		742E65151A2C12460013A9D5 /* SQLITE.m */ = {isa = PBXFileReference; fileEncoding = 4; lastKnownFileType = sourcecode.c.objc; path = SQLITE.m; sourceTree = "<group>"; };
		746AFBCC19F4F5CF00EDC615 /* GlobalNetWork.h */ = {isa = PBXFileReference; fileEncoding = 4; lastKnownFileType = sourcecode.c.h; path = GlobalNetWork.h; sourceTree = "<group>"; };
		746AFBCD19F4F5CF00EDC615 /* GlobalNetWork.m */ = {isa = PBXFileReference; fileEncoding = 4; lastKnownFileType = sourcecode.c.objc; path = GlobalNetWork.m; sourceTree = "<group>"; };
		746AFBCF19F4F65C00EDC615 /* WeiBo-prefix.pch */ = {isa = PBXFileReference; fileEncoding = 4; lastKnownFileType = sourcecode.c.h; path = "WeiBo-prefix.pch"; sourceTree = "<group>"; };
		74A883C41A4A583B00337F8C /* CoreImage.framework */ = {isa = PBXFileReference; lastKnownFileType = wrapper.framework; name = CoreImage.framework; path = System/Library/Frameworks/CoreImage.framework; sourceTree = SDKROOT; };
		74A883C61A4A5FF900337F8C /* 1.png */ = {isa = PBXFileReference; lastKnownFileType = image.png; path = 1.png; sourceTree = "<group>"; };
		BA91EE0CA66576D9CCA6C251 /* Pods.release.xcconfig */ = {isa = PBXFileReference; includeInIndex = 1; lastKnownFileType = text.xcconfig; name = Pods.release.xcconfig; path = "Pods/Target Support Files/Pods/Pods.release.xcconfig"; sourceTree = "<group>"; };
/* End PBXFileReference section */

/* Begin PBXFrameworksBuildPhase section */
		741348A719EE273F004B3DCF /* Frameworks */ = {
			isa = PBXFrameworksBuildPhase;
			buildActionMask = 2147483647;
			files = (
				74A883C51A4A583B00337F8C /* CoreImage.framework in Frameworks */,
				742E65131A2C0EE70013A9D5 /* libsqlite3.0.dylib in Frameworks */,
				E694B3E37F8F8D154CB2D8C4 /* libPods.a in Frameworks */,
			);
			runOnlyForDeploymentPostprocessing = 0;
		};
		741348C319EE273F004B3DCF /* Frameworks */ = {
			isa = PBXFrameworksBuildPhase;
			buildActionMask = 2147483647;
			files = (
			);
			runOnlyForDeploymentPostprocessing = 0;
		};
/* End PBXFrameworksBuildPhase section */

/* Begin PBXGroup section */
		2D4D8739EABE2A17EEDE306E /* Frameworks */ = {
			isa = PBXGroup;
			children = (
				74A883C41A4A583B00337F8C /* CoreImage.framework */,
				742E65121A2C0EE70013A9D5 /* libsqlite3.0.dylib */,
				2F13A11012802415EE0D631F /* libPods.a */,
			);
			name = Frameworks;
			sourceTree = "<group>";
		};
		741348A119EE273F004B3DCF = {
			isa = PBXGroup;
			children = (
				741348AC19EE273F004B3DCF /* WeiBo */,
				741348C919EE273F004B3DCF /* WeiBoTests */,
				741348AB19EE273F004B3DCF /* Products */,
				A18FFAAF4F55194979153C5F /* Pods */,
				2D4D8739EABE2A17EEDE306E /* Frameworks */,
			);
			sourceTree = "<group>";
		};
		741348AB19EE273F004B3DCF /* Products */ = {
			isa = PBXGroup;
			children = (
				741348AA19EE273F004B3DCF /* WeiBo.app */,
				741348C619EE273F004B3DCF /* WeiBoTests.xctest */,
			);
			name = Products;
			sourceTree = "<group>";
		};
		741348AC19EE273F004B3DCF /* WeiBo */ = {
			isa = PBXGroup;
			children = (
				74A883C61A4A5FF900337F8C /* 1.png */,
				746AFBCB19F4F50A00EDC615 /* General */,
				741348B119EE273F004B3DCF /* AppDelegate.h */,
				741348B219EE273F004B3DCF /* AppDelegate.m */,
				741348B719EE273F004B3DCF /* ViewController.h */,
				741348B819EE273F004B3DCF /* ViewController.m */,
				742E65141A2C12460013A9D5 /* SQLITE.h */,
				742E65151A2C12460013A9D5 /* SQLITE.m */,
				74289E6B1A2D9B4600512221 /* Download.h */,
				74289E6C1A2D9B4600512221 /* Download.m */,
				741348BA19EE273F004B3DCF /* Main.storyboard */,
				741348BD19EE273F004B3DCF /* Images.xcassets */,
				741348BF19EE273F004B3DCF /* LaunchScreen.xib */,
				741348B419EE273F004B3DCF /* WeiBo.xcdatamodeld */,
				741348AD19EE273F004B3DCF /* Supporting Files */,
			);
			path = WeiBo;
			sourceTree = "<group>";
		};
		741348AD19EE273F004B3DCF /* Supporting Files */ = {
			isa = PBXGroup;
			children = (
				741348AE19EE273F004B3DCF /* Info.plist */,
				741348F319EE6132004B3DCF /* InfoPlist.strings */,
				741348AF19EE273F004B3DCF /* main.m */,
				741348E519EE4E19004B3DCF /* Localizable.strings */,
				746AFBCF19F4F65C00EDC615 /* WeiBo-prefix.pch */,
			);
			name = "Supporting Files";
			sourceTree = "<group>";
		};
		741348C919EE273F004B3DCF /* WeiBoTests */ = {
			isa = PBXGroup;
			children = (
				741348CC19EE273F004B3DCF /* WeiBoTests.m */,
				741348CA19EE273F004B3DCF /* Supporting Files */,
			);
			path = WeiBoTests;
			sourceTree = "<group>";
		};
		741348CA19EE273F004B3DCF /* Supporting Files */ = {
			isa = PBXGroup;
			children = (
				741348CB19EE273F004B3DCF /* Info.plist */,
			);
			name = "Supporting Files";
			sourceTree = "<group>";
		};
		746AFBCB19F4F50A00EDC615 /* General */ = {
			isa = PBXGroup;
			children = (
				746AFBCC19F4F5CF00EDC615 /* GlobalNetWork.h */,
				746AFBCD19F4F5CF00EDC615 /* GlobalNetWork.m */,
			);
			path = General;
			sourceTree = "<group>";
		};
		A18FFAAF4F55194979153C5F /* Pods */ = {
			isa = PBXGroup;
			children = (
				10C85EE55EFF85C6559F89A3 /* Pods.debug.xcconfig */,
				BA91EE0CA66576D9CCA6C251 /* Pods.release.xcconfig */,
			);
			name = Pods;
			sourceTree = "<group>";
		};
/* End PBXGroup section */

/* Begin PBXNativeTarget section */
		741348A919EE273F004B3DCF /* WeiBo */ = {
			isa = PBXNativeTarget;
			buildConfigurationList = 741348D019EE273F004B3DCF /* Build configuration list for PBXNativeTarget "WeiBo" */;
			buildPhases = (
				7EC2EC95B954664B9150649C /* Check Pods Manifest.lock */,
				741348A619EE273F004B3DCF /* Sources */,
				741348A719EE273F004B3DCF /* Frameworks */,
				741348A819EE273F004B3DCF /* Resources */,
				CB775F773812D6E7E075673A /* Copy Pods Resources */,
			);
			buildRules = (
			);
			dependencies = (
			);
			name = WeiBo;
			productName = WeiBo;
			productReference = 741348AA19EE273F004B3DCF /* WeiBo.app */;
			productType = "com.apple.product-type.application";
		};
		741348C519EE273F004B3DCF /* WeiBoTests */ = {
			isa = PBXNativeTarget;
			buildConfigurationList = 741348D319EE273F004B3DCF /* Build configuration list for PBXNativeTarget "WeiBoTests" */;
			buildPhases = (
				741348C219EE273F004B3DCF /* Sources */,
				741348C319EE273F004B3DCF /* Frameworks */,
				741348C419EE273F004B3DCF /* Resources */,
			);
			buildRules = (
			);
			dependencies = (
				741348C819EE273F004B3DCF /* PBXTargetDependency */,
			);
			name = WeiBoTests;
			productName = WeiBoTests;
			productReference = 741348C619EE273F004B3DCF /* WeiBoTests.xctest */;
			productType = "com.apple.product-type.bundle.unit-test";
		};
/* End PBXNativeTarget section */

/* Begin PBXProject section */
		741348A219EE273F004B3DCF /* Project object */ = {
			isa = PBXProject;
			attributes = {
				LastUpgradeCheck = 0600;
				ORGANIZATIONNAME = chen;
				TargetAttributes = {
					741348A919EE273F004B3DCF = {
						CreatedOnToolsVersion = 6.0.1;
					};
					741348C519EE273F004B3DCF = {
						CreatedOnToolsVersion = 6.0.1;
						TestTargetID = 741348A919EE273F004B3DCF;
					};
				};
			};
			buildConfigurationList = 741348A519EE273F004B3DCF /* Build configuration list for PBXProject "WeiBo" */;
			compatibilityVersion = "Xcode 3.2";
			developmentRegion = English;
			hasScannedForEncodings = 0;
			knownRegions = (
				en,
				Base,
				"zh-Hans",
			);
			mainGroup = 741348A119EE273F004B3DCF;
			productRefGroup = 741348AB19EE273F004B3DCF /* Products */;
			projectDirPath = "";
			projectRoot = "";
			targets = (
				741348A919EE273F004B3DCF /* WeiBo */,
				741348C519EE273F004B3DCF /* WeiBoTests */,
			);
		};
/* End PBXProject section */

/* Begin PBXResourcesBuildPhase section */
		741348A819EE273F004B3DCF /* Resources */ = {
			isa = PBXResourcesBuildPhase;
			buildActionMask = 2147483647;
			files = (
				741348BC19EE273F004B3DCF /* Main.storyboard in Resources */,
				741348E319EE4E19004B3DCF /* Localizable.strings in Resources */,
				741348C119EE273F004B3DCF /* LaunchScreen.xib in Resources */,
				74A883C71A4A5FF900337F8C /* 1.png in Resources */,
				741348BE19EE273F004B3DCF /* Images.xcassets in Resources */,
				741348F119EE6132004B3DCF /* InfoPlist.strings in Resources */,
			);
			runOnlyForDeploymentPostprocessing = 0;
		};
		741348C419EE273F004B3DCF /* Resources */ = {
			isa = PBXResourcesBuildPhase;
			buildActionMask = 2147483647;
			files = (
			);
			runOnlyForDeploymentPostprocessing = 0;
		};
/* End PBXResourcesBuildPhase section */

/* Begin PBXShellScriptBuildPhase section */
		7EC2EC95B954664B9150649C /* Check Pods Manifest.lock */ = {
			isa = PBXShellScriptBuildPhase;
			buildActionMask = 2147483647;
			files = (
			);
			inputPaths = (
			);
			name = "Check Pods Manifest.lock";
			outputPaths = (
			);
			runOnlyForDeploymentPostprocessing = 0;
			shellPath = /bin/sh;
			shellScript = "diff \"${PODS_ROOT}/../Podfile.lock\" \"${PODS_ROOT}/Manifest.lock\" > /dev/null\nif [[ $? != 0 ]] ; then\n    cat << EOM\nerror: The sandbox is not in sync with the Podfile.lock. Run 'pod install' or update your CocoaPods installation.\nEOM\n    exit 1\nfi\n";
			showEnvVarsInLog = 0;
		};
		CB775F773812D6E7E075673A /* Copy Pods Resources */ = {
			isa = PBXShellScriptBuildPhase;
			buildActionMask = 2147483647;
			files = (
			);
			inputPaths = (
			);
			name = "Copy Pods Resources";
			outputPaths = (
			);
			runOnlyForDeploymentPostprocessing = 0;
			shellPath = /bin/sh;
			shellScript = "\"${SRCROOT}/Pods/Target Support Files/Pods/Pods-resources.sh\"\n";
			showEnvVarsInLog = 0;
		};
/* End PBXShellScriptBuildPhase section */

/* Begin PBXSourcesBuildPhase section */
		741348A619EE273F004B3DCF /* Sources */ = {
			isa = PBXSourcesBuildPhase;
			buildActionMask = 2147483647;
			files = (
				741348B619EE273F004B3DCF /* WeiBo.xcdatamodeld in Sources */,
				746AFBCE19F4F5CF00EDC615 /* GlobalNetWork.m in Sources */,
				741348B319EE273F004B3DCF /* AppDelegate.m in Sources */,
				741348B919EE273F004B3DCF /* ViewController.m in Sources */,
				741348B019EE273F004B3DCF /* main.m in Sources */,
				74289E6D1A2D9B4600512221 /* Download.m in Sources */,
				742E65161A2C12460013A9D5 /* SQLITE.m in Sources */,
			);
			runOnlyForDeploymentPostprocessing = 0;
		};
		741348C219EE273F004B3DCF /* Sources */ = {
			isa = PBXSourcesBuildPhase;
			buildActionMask = 2147483647;
			files = (
				741348CD19EE273F004B3DCF /* WeiBoTests.m in Sources */,
			);
			runOnlyForDeploymentPostprocessing = 0;
		};
/* End PBXSourcesBuildPhase section */

/* Begin PBXTargetDependency section */
		741348C819EE273F004B3DCF /* PBXTargetDependency */ = {
			isa = PBXTargetDependency;
			target = 741348A919EE273F004B3DCF /* WeiBo */;
			targetProxy = 741348C719EE273F004B3DCF /* PBXContainerItemProxy */;
		};
/* End PBXTargetDependency section */

/* Begin PBXVariantGroup section */
		741348BA19EE273F004B3DCF /* Main.storyboard */ = {
			isa = PBXVariantGroup;
			children = (
				741348BB19EE273F004B3DCF /* Base */,
			);
			name = Main.storyboard;
			sourceTree = "<group>";
		};
		741348BF19EE273F004B3DCF /* LaunchScreen.xib */ = {
			isa = PBXVariantGroup;
			children = (
				741348C019EE273F004B3DCF /* Base */,
			);
			name = LaunchScreen.xib;
			sourceTree = "<group>";
		};
		741348E519EE4E19004B3DCF /* Localizable.strings */ = {
			isa = PBXVariantGroup;
			children = (
				741348E419EE4E19004B3DCF /* en */,
				741348E619EE4E33004B3DCF /* zh-Hans */,
				741348F619EE61AA004B3DCF /* Base */,
			);
			name = Localizable.strings;
			sourceTree = "<group>";
		};
		741348F319EE6132004B3DCF /* InfoPlist.strings */ = {
			isa = PBXVariantGroup;
			children = (
				741348F219EE6132004B3DCF /* en */,
				741348F419EE6134004B3DCF /* zh-Hans */,
				741348F519EE61A4004B3DCF /* Base */,
			);
			name = InfoPlist.strings;
			path = ..;
			sourceTree = "<group>";
		};
/* End PBXVariantGroup section */

/* Begin XCBuildConfiguration section */
		741348CE19EE273F004B3DCF /* Debug */ = {
			isa = XCBuildConfiguration;
			buildSettings = {
				ALWAYS_SEARCH_USER_PATHS = NO;
				CLANG_CXX_LANGUAGE_STANDARD = "gnu++0x";
				CLANG_CXX_LIBRARY = "libc++";
				CLANG_ENABLE_MODULES = YES;
				CLANG_ENABLE_OBJC_ARC = YES;
				CLANG_WARN_BOOL_CONVERSION = YES;
				CLANG_WARN_CONSTANT_CONVERSION = YES;
				CLANG_WARN_DIRECT_OBJC_ISA_USAGE = YES_ERROR;
				CLANG_WARN_EMPTY_BODY = YES;
				CLANG_WARN_ENUM_CONVERSION = YES;
				CLANG_WARN_INT_CONVERSION = YES;
				CLANG_WARN_OBJC_ROOT_CLASS = YES_ERROR;
				CLANG_WARN_UNREACHABLE_CODE = YES;
				CLANG_WARN__DUPLICATE_METHOD_MATCH = YES;
				"CODE_SIGN_IDENTITY[sdk=iphoneos*]" = "iPhone Developer";
				COPY_PHASE_STRIP = NO;
				ENABLE_STRICT_OBJC_MSGSEND = NO;
				GCC_C_LANGUAGE_STANDARD = gnu99;
				GCC_DYNAMIC_NO_PIC = NO;
				GCC_OPTIMIZATION_LEVEL = 0;
				GCC_PREPROCESSOR_DEFINITIONS = (
					"DEBUG=1",
					"$(inherited)",
				);
				GCC_SYMBOLS_PRIVATE_EXTERN = NO;
				GCC_WARN_64_TO_32_BIT_CONVERSION = YES;
				GCC_WARN_ABOUT_RETURN_TYPE = YES_ERROR;
				GCC_WARN_UNDECLARED_SELECTOR = YES;
				GCC_WARN_UNINITIALIZED_AUTOS = YES_AGGRESSIVE;
				GCC_WARN_UNUSED_FUNCTION = YES;
				GCC_WARN_UNUSED_VARIABLE = YES;
				IPHONEOS_DEPLOYMENT_TARGET = 8.0;
				MTL_ENABLE_DEBUG_INFO = YES;
				ONLY_ACTIVE_ARCH = YES;
				SDKROOT = iphoneos;
			};
			name = Debug;
		};
		741348CF19EE273F004B3DCF /* Release */ = {
			isa = XCBuildConfiguration;
			buildSettings = {
				ALWAYS_SEARCH_USER_PATHS = NO;
				CLANG_CXX_LANGUAGE_STANDARD = "gnu++0x";
				CLANG_CXX_LIBRARY = "libc++";
				CLANG_ENABLE_MODULES = YES;
				CLANG_ENABLE_OBJC_ARC = YES;
				CLANG_WARN_BOOL_CONVERSION = YES;
				CLANG_WARN_CONSTANT_CONVERSION = YES;
				CLANG_WARN_DIRECT_OBJC_ISA_USAGE = YES_ERROR;
				CLANG_WARN_EMPTY_BODY = YES;
				CLANG_WARN_ENUM_CONVERSION = YES;
				CLANG_WARN_INT_CONVERSION = YES;
				CLANG_WARN_OBJC_ROOT_CLASS = YES_ERROR;
				CLANG_WARN_UNREACHABLE_CODE = YES;
				CLANG_WARN__DUPLICATE_METHOD_MATCH = YES;
				"CODE_SIGN_IDENTITY[sdk=iphoneos*]" = "iPhone Developer";
				COPY_PHASE_STRIP = YES;
				ENABLE_NS_ASSERTIONS = NO;
				ENABLE_STRICT_OBJC_MSGSEND = NO;
				GCC_C_LANGUAGE_STANDARD = gnu99;
				GCC_WARN_64_TO_32_BIT_CONVERSION = YES;
				GCC_WARN_ABOUT_RETURN_TYPE = YES_ERROR;
				GCC_WARN_UNDECLARED_SELECTOR = YES;
				GCC_WARN_UNINITIALIZED_AUTOS = YES_AGGRESSIVE;
				GCC_WARN_UNUSED_FUNCTION = YES;
				GCC_WARN_UNUSED_VARIABLE = YES;
				IPHONEOS_DEPLOYMENT_TARGET = 8.0;
				MTL_ENABLE_DEBUG_INFO = NO;
				SDKROOT = iphoneos;
				VALIDATE_PRODUCT = YES;
			};
			name = Release;
		};
		741348D119EE273F004B3DCF /* Debug */ = {
			isa = XCBuildConfiguration;
			baseConfigurationReference = 10C85EE55EFF85C6559F89A3 /* Pods.debug.xcconfig */;
			buildSettings = {
				ASSETCATALOG_COMPILER_APPICON_NAME = AppIcon;
				GCC_PREFIX_HEADER = "WeiBo/WeiBo-prefix.pch";
				INFOPLIST_FILE = WeiBo/Info.plist;
				LD_RUNPATH_SEARCH_PATHS = "$(inherited) @executable_path/Frameworks";
				PRODUCT_NAME = "$(TARGET_NAME)";
			};
			name = Debug;
		};
		741348D219EE273F004B3DCF /* Release */ = {
			isa = XCBuildConfiguration;
			baseConfigurationReference = BA91EE0CA66576D9CCA6C251 /* Pods.release.xcconfig */;
			buildSettings = {
				ASSETCATALOG_COMPILER_APPICON_NAME = AppIcon;
				GCC_PREFIX_HEADER = "WeiBo/WeiBo-prefix.pch";
				INFOPLIST_FILE = WeiBo/Info.plist;
				LD_RUNPATH_SEARCH_PATHS = "$(inherited) @executable_path/Frameworks";
				PRODUCT_NAME = "$(TARGET_NAME)";
			};
			name = Release;
		};
		741348D419EE273F004B3DCF /* Debug */ = {
			isa = XCBuildConfiguration;
			buildSettings = {
				BUNDLE_LOADER = "$(TEST_HOST)";
				FRAMEWORK_SEARCH_PATHS = (
					"$(SDKROOT)/Developer/Library/Frameworks",
					"$(inherited)",
				);
				GCC_PREPROCESSOR_DEFINITIONS = (
					"DEBUG=1",
					"$(inherited)",
				);
				INFOPLIST_FILE = WeiBoTests/Info.plist;
				LD_RUNPATH_SEARCH_PATHS = "$(inherited) @executable_path/Frameworks @loader_path/Frameworks";
				PRODUCT_NAME = "$(TARGET_NAME)";
				TEST_HOST = "$(BUILT_PRODUCTS_DIR)/WeiBo.app/WeiBo";
			};
			name = Debug;
		};
		741348D519EE273F004B3DCF /* Release */ = {
			isa = XCBuildConfiguration;
			buildSettings = {
				BUNDLE_LOADER = "$(TEST_HOST)";
				FRAMEWORK_SEARCH_PATHS = (
					"$(SDKROOT)/Developer/Library/Frameworks",
					"$(inherited)",
				);
				INFOPLIST_FILE = WeiBoTests/Info.plist;
				LD_RUNPATH_SEARCH_PATHS = "$(inherited) @executable_path/Frameworks @loader_path/Frameworks";
				PRODUCT_NAME = "$(TARGET_NAME)";
				TEST_HOST = "$(BUILT_PRODUCTS_DIR)/WeiBo.app/WeiBo";
			};
			name = Release;
		};
/* End XCBuildConfiguration section */

/* Begin XCConfigurationList section */
		741348A519EE273F004B3DCF /* Build configuration list for PBXProject "WeiBo" */ = {
			isa = XCConfigurationList;
			buildConfigurations = (
				741348CE19EE273F004B3DCF /* Debug */,
				741348CF19EE273F004B3DCF /* Release */,
			);
			defaultConfigurationIsVisible = 0;
			defaultConfigurationName = Release;
		};
		741348D019EE273F004B3DCF /* Build configuration list for PBXNativeTarget "WeiBo" */ = {
			isa = XCConfigurationList;
			buildConfigurations = (
				741348D119EE273F004B3DCF /* Debug */,
				741348D219EE273F004B3DCF /* Release */,
			);
			defaultConfigurationIsVisible = 0;
			defaultConfigurationName = Release;
		};
		741348D319EE273F004B3DCF /* Build configuration list for PBXNativeTarget "WeiBoTests" */ = {
			isa = XCConfigurationList;
			buildConfigurations = (
				741348D419EE273F004B3DCF /* Debug */,
				741348D519EE273F004B3DCF /* Release */,
			);
			defaultConfigurationIsVisible = 0;
			defaultConfigurationName = Release;
		};
/* End XCConfigurationList section */

/* Begin XCVersionGroup section */
		741348B419EE273F004B3DCF /* WeiBo.xcdatamodeld */ = {
			isa = XCVersionGroup;
			children = (
				741348B519EE273F004B3DCF /* WeiBo.xcdatamodel */,
			);
			currentVersion = 741348B519EE273F004B3DCF /* WeiBo.xcdatamodel */;
			path = WeiBo.xcdatamodeld;
			sourceTree = "<group>";
			versionGroupType = wrapper.xcdatamodel;
		};
/* End XCVersionGroup section */
	};
	rootObject = 741348A219EE273F004B3DCF /* Project object */;
}
